// !$*UTF8*$!
{
	archiveVersion = 1;
	classes = {
	};
	objectVersion = 77;
	objects = {

/* Begin PBXBuildFile section */
		2FBF45CFAE9FD71F5566E5AA /* gerber2ems_fdtd_worker in Embed Helper Tools */ = {isa = PBXBuildFile; fileRef = 1730AB8B76054706EB2AB0BA /* gerber2ems_fdtd_worker */; settings = {ATTRIBUTES = (CodeSignOnCopy, ); }; };
		56EDE8D10A5333B5213EC614 /* libkicad_smoketest in Embed Helper Tools */ = {isa = PBXBuildFile; fileRef = C6D729745136FAA65AEC601F /* libkicad_smoketest */; settings = {ATTRIBUTES = (CodeSignOnCopy, ); }; };
		5FE243961E65671FE35C65E0 /* libkicad_api.cpp in Sources */ = {isa = PBXBuildFile; fileRef = 0F1EB3900F88445339BD6FB8 /* libkicad_api.cpp */; settings = {COMPILER_FLAGS = "-std=c++23"; }; };
/* End PBXBuildFile section */

/* Begin PBXContainerItemProxy section */
		1540871D4E58EBEB434F4E6A /* PBXContainerItemProxy */ = {
			isa = PBXContainerItemProxy;
			containerPortal = 71AD228A30263515006D5847 /* Project object */;
			proxyType = 1;
			remoteGlobalIDString = 5034717F4A638C8CC653DE57;
			remoteInfo = gerber2ems_fdtd_worker;
		};
		2A075E9DC0149148EA251C93 /* PBXContainerItemProxy */ = {
			isa = PBXContainerItemProxy;
			containerPortal = 71AD228A30263515006D5847 /* Project object */;
			proxyType = 1;
			remoteGlobalIDString = B0B651E8085482933DC2AFFE;
			remoteInfo = libkicad;
		};
		2B6AC32E5A944169FDB85409 /* PBXContainerItemProxy */ = {
			isa = PBXContainerItemProxy;
			containerPortal = 71AD228A30263515006D5847 /* Project object */;
			proxyType = 1;
			remoteGlobalIDString = 0E08621C93A1CC737D3F6A93;
			remoteInfo = libgerber2ems;
		};
		3429B0B7F4066519273A0A7D /* PBXContainerItemProxy */ = {
			isa = PBXContainerItemProxy;
			containerPortal = 71AD228A30263515006D5847 /* Project object */;
			proxyType = 1;
			remoteGlobalIDString = 0D27BC0AB714B88FE14FFB28;
			remoteInfo = libkicad_smoketest;
		};
		68230F1D42F0B9E29C659103 /* PBXContainerItemProxy */ = {
			isa = PBXContainerItemProxy;
			containerPortal = 71AD228A30263515006D5847 /* Project object */;
			proxyType = 1;
			remoteGlobalIDString = 0E08621C93A1CC737D3F6A93;
			remoteInfo = libgerber2ems;
		};
		7F0606D12D7446556C7E5509 /* PBXContainerItemProxy */ = {
			isa = PBXContainerItemProxy;
			containerPortal = 71AD228A30263515006D5847 /* Project object */;
			proxyType = 1;
			remoteGlobalIDString = 0E08621C93A1CC737D3F6A93;
			remoteInfo = libgerber2ems;
		};
		F90E814A552714159096AAF7 /* PBXContainerItemProxy */ = {
			isa = PBXContainerItemProxy;
			containerPortal = 71AD228A30263515006D5847 /* Project object */;
			proxyType = 1;
			remoteGlobalIDString = 0E08621C93A1CC737D3F6A93;
			remoteInfo = libgerber2ems;
		};
/* End PBXContainerItemProxy section */

/* Begin PBXCopyFilesBuildPhase section */
		4EA49CEE0296035538A93916 /* Embed Helper Tools */ = {
			isa = PBXCopyFilesBuildPhase;
			buildActionMask = 2147483647;
			dstPath = "";
			dstSubfolderSpec = 6;
			files = (
				56EDE8D10A5333B5213EC614 /* libkicad_smoketest in Embed Helper Tools */,
				2FBF45CFAE9FD71F5566E5AA /* gerber2ems_fdtd_worker in Embed Helper Tools */,
			);
			name = "Embed Helper Tools";
			runOnlyForDeploymentPostprocessing = 0;
		};
		71AD229030263515006D5847 /* CopyFiles */ = {
			isa = PBXCopyFilesBuildPhase;
			buildActionMask = 2147483647;
			dstPath = /usr/share/man/man1/;
			dstSubfolderSpec = 0;
			files = (
			);
			runOnlyForDeploymentPostprocessing = 1;
		};
/* End PBXCopyFilesBuildPhase section */

/* Begin PBXFileReference section */
		0F1EB3900F88445339BD6FB8 /* libkicad_api.cpp */ = {isa = PBXFileReference; lastKnownFileType = sourcecode.cpp.cpp; path = libkicad_api.cpp; sourceTree = "<group>"; };
		1730AB8B76054706EB2AB0BA /* gerber2ems_fdtd_worker */ = {isa = PBXFileReference; explicitFileType = "compiled.mach-o.executable"; includeInIndex = 0; path = gerber2ems_fdtd_worker; sourceTree = BUILT_PRODUCTS_DIR; };
		5653046AD79D4C9071AF237F /* Gerber2EMSStudio.app */ = {isa = PBXFileReference; explicitFileType = wrapper.application; includeInIndex = 0; path = Gerber2EMSStudio.app; sourceTree = BUILT_PRODUCTS_DIR; };
		71AD229230263516006D5847 /* geber2ems */ = {isa = PBXFileReference; explicitFileType = "compiled.mach-o.executable"; includeInIndex = 0; path = geber2ems; sourceTree = BUILT_PRODUCTS_DIR; };
		922BA8FA4CD5D8901DCAC9DA /* libgerber2ems.a */ = {isa = PBXFileReference; explicitFileType = archive.ar; includeInIndex = 0; name = libgerber2ems.a; path = liblibgerber2ems.a; sourceTree = BUILT_PRODUCTS_DIR; };
		A2F04DD1DE94C7C82DF16CD5 /* libkicad.a */ = {isa = PBXFileReference; explicitFileType = archive.ar; includeInIndex = 0; name = libkicad.a; path = liblibkicad.a; sourceTree = BUILT_PRODUCTS_DIR; };
		C6D729745136FAA65AEC601F /* libkicad_smoketest */ = {isa = PBXFileReference; explicitFileType = "compiled.mach-o.executable"; includeInIndex = 0; path = libkicad_smoketest; sourceTree = BUILT_PRODUCTS_DIR; };
		CAE9E934278E88A4B6FDB4F0 /* libgerber2ems_smoketest */ = {isa = PBXFileReference; explicitFileType = "compiled.mach-o.executable"; includeInIndex = 0; path = libgerber2ems_smoketest; sourceTree = BUILT_PRODUCTS_DIR; };
/* End PBXFileReference section */

/* Begin PBXFileSystemSynchronizedRootGroup section */
		006F3A1386AFF2AD46CD89E4 /* libgerber2ems */ = {
			isa = PBXFileSystemSynchronizedRootGroup;
			path = libgerber2ems;
			sourceTree = "<group>";
		};
		0BA7820838B85822C655B32A /* libkicad_smoketest */ = {
			isa = PBXFileSystemSynchronizedRootGroup;
			path = libkicad_smoketest;
			sourceTree = "<group>";
		};
		1CE9917EFF9195A3FF4FC1AA /* libgerber2ems_smoketest */ = {
			isa = PBXFileSystemSynchronizedRootGroup;
			path = libgerber2ems_smoketest;
			sourceTree = "<group>";
		};
		429F16897495224E3C8CB5A0 /* libkicad */ = {
			isa = PBXFileSystemSynchronizedRootGroup;
			path = libkicad;
			sourceTree = "<group>";
		};
		71AD229430263516006D5847 /* geber2ems */ = {
			isa = PBXFileSystemSynchronizedRootGroup;
			path = geber2ems;
			sourceTree = "<group>";
		};
		8290469707C87811FFCE548F /* gerber2ems_fdtd_worker */ = {
			isa = PBXFileSystemSynchronizedRootGroup;
			path = gerber2ems_fdtd_worker;
			sourceTree = "<group>";
		};
		B7D891E5D67D73D341733A71 /* Gerber2EMSStudio */ = {
			isa = PBXFileSystemSynchronizedRootGroup;
			path = Gerber2EMSStudio;
			sourceTree = "<group>";
		};
/* End PBXFileSystemSynchronizedRootGroup section */

/* Begin PBXFrameworksBuildPhase section */
		06B06A59AFBBBB9D2975D2AE /* Frameworks */ = {
			isa = PBXFrameworksBuildPhase;
			buildActionMask = 2147483647;
			files = (
			);
			runOnlyForDeploymentPostprocessing = 0;
		};
		47D0366908946873BADB59D9 /* Frameworks */ = {
			isa = PBXFrameworksBuildPhase;
			buildActionMask = 2147483647;
			files = (
			);
			runOnlyForDeploymentPostprocessing = 0;
		};
		626F031D915714BD531C01FA /* Frameworks */ = {
			isa = PBXFrameworksBuildPhase;
			buildActionMask = 2147483647;
			files = (
			);
			runOnlyForDeploymentPostprocessing = 0;
		};
		6B100B101B97A1E2DFE83EFA /* Frameworks */ = {
			isa = PBXFrameworksBuildPhase;
			buildActionMask = 2147483647;
			files = (
			);
			runOnlyForDeploymentPostprocessing = 0;
		};
		6C6A64E387A7D31EB2A99F34 /* Frameworks */ = {
			isa = PBXFrameworksBuildPhase;
			buildActionMask = 2147483647;
			files = (
			);
			runOnlyForDeploymentPostprocessing = 0;
		};
		71AD228F30263515006D5847 /* Frameworks */ = {
			isa = PBXFrameworksBuildPhase;
			buildActionMask = 2147483647;
			files = (
			);
			runOnlyForDeploymentPostprocessing = 0;
		};
		945E3586B3A2D0D928F0F7AC /* Frameworks */ = {
			isa = PBXFrameworksBuildPhase;
			buildActionMask = 2147483647;
			files = (
			);
			runOnlyForDeploymentPostprocessing = 0;
		};
/* End PBXFrameworksBuildPhase section */

/* Begin PBXGroup section */
		71AD228930263515006D5847 = {
			isa = PBXGroup;
			children = (
				B7D891E5D67D73D341733A71 /* Gerber2EMSStudio */,
				71AD229430263516006D5847 /* geber2ems */,
				8290469707C87811FFCE548F /* gerber2ems_fdtd_worker */,
				006F3A1386AFF2AD46CD89E4 /* libgerber2ems */,
				1CE9917EFF9195A3FF4FC1AA /* libgerber2ems_smoketest */,
				429F16897495224E3C8CB5A0 /* libkicad */,
				9D2EF3F131A05169F6A8F5B8 /* libkicad_api */,
				0BA7820838B85822C655B32A /* libkicad_smoketest */,
				71AD229330263516006D5847 /* Products */,
			);
			sourceTree = "<group>";
		};
		71AD229330263516006D5847 /* Products */ = {
			isa = PBXGroup;
			children = (
				5653046AD79D4C9071AF237F /* Gerber2EMSStudio.app */,
				71AD229230263516006D5847 /* geber2ems */,
				A2F04DD1DE94C7C82DF16CD5 /* libkicad.a */,
				C6D729745136FAA65AEC601F /* libkicad_smoketest */,
				922BA8FA4CD5D8901DCAC9DA /* libgerber2ems.a */,
				CAE9E934278E88A4B6FDB4F0 /* libgerber2ems_smoketest */,
				1730AB8B76054706EB2AB0BA /* gerber2ems_fdtd_worker */,
			);
			name = Products;
			sourceTree = "<group>";
		};
		9D2EF3F131A05169F6A8F5B8 /* libkicad_api */ = {
			isa = PBXGroup;
			children = (
				0F1EB3900F88445339BD6FB8 /* libkicad_api.cpp */,
			);
			path = libkicad_api;
			sourceTree = "<group>";
		};
/* End PBXGroup section */

/* Begin PBXNativeTarget section */
		0D27BC0AB714B88FE14FFB28 /* libkicad_smoketest */ = {
			isa = PBXNativeTarget;
			buildConfigurationList = E96D43EDF887036033933493 /* Build configuration list for PBXNativeTarget "libkicad_smoketest" */;
			buildPhases = (
				23C3702A6642F13886B1BF43 /* Sources */,
				6B100B101B97A1E2DFE83EFA /* Frameworks */,
			);
			buildRules = (
			);
			dependencies = (
				7B143B2514242142CF40DD14 /* PBXTargetDependency */,
			);
			fileSystemSynchronizedGroups = (
				0BA7820838B85822C655B32A /* libkicad_smoketest */,
			);
			name = libkicad_smoketest;
			packageProductDependencies = (
			);
			productName = libkicad_smoketest;
			productReference = C6D729745136FAA65AEC601F /* libkicad_smoketest */;
			productType = "com.apple.product-type.tool";
		};
		0E08621C93A1CC737D3F6A93 /* libgerber2ems */ = {
			isa = PBXNativeTarget;
			buildConfigurationList = 34A1F94838F1003CDA9ED1F2 /* Build configuration list for PBXNativeTarget "libgerber2ems" */;
			buildPhases = (
				24C0C7D84B42BCB562805074 /* Sources */,
				47D0366908946873BADB59D9 /* Frameworks */,
			);
			buildRules = (
			);
			dependencies = (
			);
			fileSystemSynchronizedGroups = (
				006F3A1386AFF2AD46CD89E4 /* libgerber2ems */,
			);
			name = libgerber2ems;
			packageProductDependencies = (
			);
			productName = libgerber2ems;
			productReference = 922BA8FA4CD5D8901DCAC9DA /* libgerber2ems.a */;
			productType = "com.apple.product-type.library.static";
		};
		2971163407AC90FC988D853B /* Gerber2EMSStudio */ = {
			isa = PBXNativeTarget;
			buildConfigurationList = 2A93D0CB58D10C728E7CE9F2 /* Build configuration list for PBXNativeTarget "Gerber2EMSStudio" */;
			buildPhases = (
				0A4BFFE015AA0DAC88C73F59 /* Sources */,
				626F031D915714BD531C01FA /* Frameworks */,
				4EA49CEE0296035538A93916 /* Embed Helper Tools */,
			);
			buildRules = (
			);
			dependencies = (
				0E303C6421A10D82B635ADEB /* PBXTargetDependency */,
				3E33A9C8EE26B6F26DDDE2A8 /* PBXTargetDependency */,
				EDFF827E7F22C9DA08D011AC /* PBXTargetDependency */,
			);
			fileSystemSynchronizedGroups = (
				B7D891E5D67D73D341733A71 /* Gerber2EMSStudio */,
			);
			name = Gerber2EMSStudio;
			packageProductDependencies = (
			);
			productName = Gerber2EMSStudio;
			productReference = 5653046AD79D4C9071AF237F /* Gerber2EMSStudio.app */;
			productType = "com.apple.product-type.application";
		};
		5034717F4A638C8CC653DE57 /* gerber2ems_fdtd_worker */ = {
			isa = PBXNativeTarget;
			buildConfigurationList = 34B3E31BCC3EA6AFAC9A4F16 /* Build configuration list for PBXNativeTarget "gerber2ems_fdtd_worker" */;
			buildPhases = (
				EB32E30B8D408F92256E1749 /* Sources */,
				945E3586B3A2D0D928F0F7AC /* Frameworks */,
			);
			buildRules = (
			);
			dependencies = (
				3C409D0A5C4DBB5CF700353B /* PBXTargetDependency */,
			);
			fileSystemSynchronizedGroups = (
				8290469707C87811FFCE548F /* gerber2ems_fdtd_worker */,
			);
			name = gerber2ems_fdtd_worker;
			packageProductDependencies = (
			);
			productName = gerber2ems_fdtd_worker;
			productReference = 1730AB8B76054706EB2AB0BA /* gerber2ems_fdtd_worker */;
			productType = "com.apple.product-type.tool";
		};
		5BC0C98C152C9B66E02544CD /* libgerber2ems_smoketest */ = {
			isa = PBXNativeTarget;
			buildConfigurationList = A1979A925EE6A25050650435 /* Build configuration list for PBXNativeTarget "libgerber2ems_smoketest" */;
			buildPhases = (
				43F05313B402BB6A5924A70C /* Sources */,
				6C6A64E387A7D31EB2A99F34 /* Frameworks */,
			);
			buildRules = (
			);
			dependencies = (
				FD8F50719794D9B81C996635 /* PBXTargetDependency */,
			);
			fileSystemSynchronizedGroups = (
				1CE9917EFF9195A3FF4FC1AA /* libgerber2ems_smoketest */,
			);
			name = libgerber2ems_smoketest;
			packageProductDependencies = (
			);
			productName = libgerber2ems_smoketest;
			productReference = CAE9E934278E88A4B6FDB4F0 /* libgerber2ems_smoketest */;
			productType = "com.apple.product-type.tool";
		};
		71AD229130263515006D5847 /* geber2ems */ = {
			isa = PBXNativeTarget;
			buildConfigurationList = 71AD229930263516006D5847 /* Build configuration list for PBXNativeTarget "geber2ems" */;
			buildPhases = (
				71AD228E30263515006D5847 /* Sources */,
				71AD228F30263515006D5847 /* Frameworks */,
				71AD229030263515006D5847 /* CopyFiles */,
			);
			buildRules = (
			);
			dependencies = (
				C3F4DC29303EF0123F35E8D7 /* PBXTargetDependency */,
			);
			fileSystemSynchronizedGroups = (
				71AD229430263516006D5847 /* geber2ems */,
			);
			name = geber2ems;
			packageProductDependencies = (
			);
			productName = geber2ems;
			productReference = 71AD229230263516006D5847 /* geber2ems */;
			productType = "com.apple.product-type.tool";
		};
		B0B651E8085482933DC2AFFE /* libkicad */ = {
			isa = PBXNativeTarget;
			buildConfigurationList = B050EDB0D4061B47871B7A91 /* Build configuration list for PBXNativeTarget "libkicad" */;
			buildPhases = (
				74729A7DCB82C518D0125B51 /* Sources */,
				06B06A59AFBBBB9D2975D2AE /* Frameworks */,
			);
			buildRules = (
			);
			dependencies = (
			);
			fileSystemSynchronizedGroups = (
				429F16897495224E3C8CB5A0 /* libkicad */,
			);
			name = libkicad;
			packageProductDependencies = (
			);
			productName = libkicad;
			productReference = A2F04DD1DE94C7C82DF16CD5 /* libkicad.a */;
			productType = "com.apple.product-type.library.static";
		};
/* End PBXNativeTarget section */

/* Begin PBXProject section */
		71AD228A30263515006D5847 /* Project object */ = {
			isa = PBXProject;
			attributes = {
				BuildIndependentTargetsInParallel = 1;
				LastUpgradeCheck = 2660;
				TargetAttributes = {
					71AD229130263515006D5847 = {
						CreatedOnToolsVersion = 26.6;
					};
				};
			};
			buildConfigurationList = 71AD228D30263515006D5847 /* Build configuration list for PBXProject "geber2ems" */;
			developmentRegion = en;
			hasScannedForEncodings = 0;
			knownRegions = (
				en,
				Base,
			);
			mainGroup = 71AD228930263515006D5847;
			minimizedProjectReferenceProxies = 1;
			preferredProjectObjectVersion = 77;
			productRefGroup = 71AD229330263516006D5847 /* Products */;
			projectDirPath = "";
			projectRoot = "";
			targets = (
				71AD229130263515006D5847 /* geber2ems */,
				B0B651E8085482933DC2AFFE /* libkicad */,
				0D27BC0AB714B88FE14FFB28 /* libkicad_smoketest */,
				0E08621C93A1CC737D3F6A93 /* libgerber2ems */,
				5BC0C98C152C9B66E02544CD /* libgerber2ems_smoketest */,
				5034717F4A638C8CC653DE57 /* gerber2ems_fdtd_worker */,
				2971163407AC90FC988D853B /* Gerber2EMSStudio */,
			);
		};
/* End PBXProject section */

/* Begin PBXSourcesBuildPhase section */
		0A4BFFE015AA0DAC88C73F59 /* Sources */ = {
			isa = PBXSourcesBuildPhase;
			buildActionMask = 2147483647;
			files = (
			);
			runOnlyForDeploymentPostprocessing = 0;
		};
		23C3702A6642F13886B1BF43 /* Sources */ = {
			isa = PBXSourcesBuildPhase;
			buildActionMask = 2147483647;
			files = (
			);
			runOnlyForDeploymentPostprocessing = 0;
		};
		24C0C7D84B42BCB562805074 /* Sources */ = {
			isa = PBXSourcesBuildPhase;
			buildActionMask = 2147483647;
			files = (
			);
			runOnlyForDeploymentPostprocessing = 0;
		};
		43F05313B402BB6A5924A70C /* Sources */ = {
			isa = PBXSourcesBuildPhase;
			buildActionMask = 2147483647;
			files = (
			);
			runOnlyForDeploymentPostprocessing = 0;
		};
		71AD228E30263515006D5847 /* Sources */ = {
			isa = PBXSourcesBuildPhase;
			buildActionMask = 2147483647;
			files = (
			);
			runOnlyForDeploymentPostprocessing = 0;
		};
		74729A7DCB82C518D0125B51 /* Sources */ = {
			isa = PBXSourcesBuildPhase;
			buildActionMask = 2147483647;
			files = (
				5FE243961E65671FE35C65E0 /* libkicad_api.cpp in Sources */,
			);
			runOnlyForDeploymentPostprocessing = 0;
		};
		EB32E30B8D408F92256E1749 /* Sources */ = {
			isa = PBXSourcesBuildPhase;
			buildActionMask = 2147483647;
			files = (
			);
			runOnlyForDeploymentPostprocessing = 0;
		};
/* End PBXSourcesBuildPhase section */

/* Begin PBXTargetDependency section */
		0E303C6421A10D82B635ADEB /* PBXTargetDependency */ = {
			isa = PBXTargetDependency;
			target = 0E08621C93A1CC737D3F6A93 /* libgerber2ems */;
			targetProxy = 68230F1D42F0B9E29C659103 /* PBXContainerItemProxy */;
		};
		3C409D0A5C4DBB5CF700353B /* PBXTargetDependency */ = {
			isa = PBXTargetDependency;
			target = 0E08621C93A1CC737D3F6A93 /* libgerber2ems */;
			targetProxy = F90E814A552714159096AAF7 /* PBXContainerItemProxy */;
		};
		3E33A9C8EE26B6F26DDDE2A8 /* PBXTargetDependency */ = {
			isa = PBXTargetDependency;
			target = 0D27BC0AB714B88FE14FFB28 /* libkicad_smoketest */;
			targetProxy = 3429B0B7F4066519273A0A7D /* PBXContainerItemProxy */;
		};
		7B143B2514242142CF40DD14 /* PBXTargetDependency */ = {
			isa = PBXTargetDependency;
			target = B0B651E8085482933DC2AFFE /* libkicad */;
			targetProxy = 2A075E9DC0149148EA251C93 /* PBXContainerItemProxy */;
		};
		C3F4DC29303EF0123F35E8D7 /* PBXTargetDependency */ = {
			isa = PBXTargetDependency;
			target = 0E08621C93A1CC737D3F6A93 /* libgerber2ems */;
			targetProxy = 2B6AC32E5A944169FDB85409 /* PBXContainerItemProxy */;
		};
		EDFF827E7F22C9DA08D011AC /* PBXTargetDependency */ = {
			isa = PBXTargetDependency;
			target = 5034717F4A638C8CC653DE57 /* gerber2ems_fdtd_worker */;
			targetProxy = 1540871D4E58EBEB434F4E6A /* PBXContainerItemProxy */;
		};
		FD8F50719794D9B81C996635 /* PBXTargetDependency */ = {
			isa = PBXTargetDependency;
			target = 0E08621C93A1CC737D3F6A93 /* libgerber2ems */;
			targetProxy = 7F0606D12D7446556C7E5509 /* PBXContainerItemProxy */;
		};
/* End PBXTargetDependency section */

/* Begin XCBuildConfiguration section */
		5F377DF0AD36807A9154C726 /* Debug */ = {
			isa = XCBuildConfiguration;
			buildSettings = {
				CODE_SIGN_STYLE = Automatic;
				HEADER_SEARCH_PATHS = (
					"$(inherited)",
					"$(SRCROOT)/libgerber2ems",
				);
				LIBRARY_SEARCH_PATHS = (
					"$(inherited)",
					"$(BUILT_PRODUCTS_DIR)",
				);
				OTHER_LDFLAGS = (
					"$(inherited)",
					"-llibgerber2ems",
				);
				PRODUCT_NAME = "$(TARGET_NAME)";
			};
			name = Debug;
		};
		62807348053ECB7AA6437231 /* Release */ = {
			isa = XCBuildConfiguration;
			buildSettings = {
				CODE_SIGN_STYLE = Automatic;
				HEADER_SEARCH_PATHS = (
					"$(inherited)",
					"$(SRCROOT)/libgerber2ems",
				);
				LIBRARY_SEARCH_PATHS = (
					"$(inherited)",
					"$(BUILT_PRODUCTS_DIR)",
				);
				OTHER_LDFLAGS = (
					"$(inherited)",
					"-llibgerber2ems",
				);
				PRODUCT_NAME = "$(TARGET_NAME)";
			};
			name = Release;
		};
		6A59402640FC101257497CAC /* Debug */ = {
			isa = XCBuildConfiguration;
			buildSettings = {
				CLANG_CXX_LANGUAGE_STANDARD = "c++20";
				CLANG_WARN_DOCUMENTATION_COMMENTS = NO;
				CLANG_WARN_FLOAT_CONVERSION = NO;
				CLANG_WARN_IMPLICIT_SIGN_CONVERSION = NO;
				CLANG_WARN_RANGE_LOOP_ANALYSIS = NO;
				CLANG_WARN_SUSPICIOUS_IMPLICIT_CONVERSION = NO;
				CLANG_WARN_UNGUARDED_AVAILABILITY = NO;
				CODE_SIGN_STYLE = Automatic;
				GCC_PREPROCESSOR_DEFINITIONS = (
					BOOST_ATOMIC_DYN_LINK,
					BOOST_ATOMIC_NO_LIB,
					BOOST_CHARCONV_DYN_LINK,
					BOOST_CHARCONV_NO_LIB,
					BOOST_CHRONO_DYN_LINK,
					BOOST_CHRONO_NO_LIB,
					BOOST_CONTAINER_DYN_LINK,
					BOOST_CONTAINER_NO_LIB,
					BOOST_DATE_TIME_DYN_LINK,
					BOOST_DATE_TIME_NO_LIB,
					BOOST_LOCALE_DYN_LINK,
					BOOST_LOCALE_NO_LIB,
					BOOST_THREAD_DYN_LINK,
					BOOST_THREAD_NO_LIB,
					"BS_THREAD_POOL_NATIVE_EXTENSIONS=1",
					GLM_FORCE_CTOR_INIT,
					"GL_SILENCE_DEPRECATION=1",
					HAVE_STDINT_H,
					"JSON_HAS_FILESYSTEM=0",
					"KIAPI_IMPORTEXPORT=APIIMPORT",
					KICAD_BUILD_ARCH_ARM,
					"KICAD_CONFIG_DIR=kicad",
					KICAD_SIGNAL_INTEGRITY,
					KICAD_UPDATE_CHECK,
					NANODBC_ENABLE_UNICODE,
					PCBNEW,
					PROTOBUF_USE_DLLS,
					USINGZ,
					WXUSINGDLL,
					"_FILE_OFFSET_BITS=64",
					__WXMAC__,
					__WXOSX_COCOA__,
					__WXOSX__,
					"wxDEBUG_LEVEL=0",
					NDEBUG,
				);
				GCC_TREAT_WARNINGS_AS_ERRORS = NO;
				GCC_WARN_64_TO_32_BIT_CONVERSION = NO;
				GCC_WARN_ABOUT_MISSING_PROTOTYPES = NO;
				GCC_WARN_PEDANTIC = NO;
				GCC_WARN_SHADOW = NO;
				GCC_WARN_UNINITIALIZED_AUTOS = NO;
				HEADER_SEARCH_PATHS = (
					"/Users/tdavie/Documents/Simulation/kicad-11/include",
					"/Users/tdavie/Documents/Simulation/kicad-11/pcbnew/.",
					"/Users/tdavie/Documents/Simulation/kicad-11/pcbnew/./dialogs",
					"/Users/tdavie/Documents/Simulation/kicad-11/pcbnew/./autorouter",
					"/Users/tdavie/Documents/Simulation/kicad-11/pcbnew/./generators",
					"/Users/tdavie/Documents/Simulation/kicad-11/3d-viewer",
					"/Users/tdavie/Documents/Simulation/kicad-11/3d-viewer/dialogs",
					"/Users/tdavie/Documents/Simulation/kicad-11/common",
					"/Users/tdavie/Documents/Simulation/kicad-11/common/dialogs",
					"/Users/tdavie/Documents/Simulation/kicad-11/pcbnew/./exporters",
					"/Users/tdavie/Documents/Simulation/kicad-11/pcbnew/./importers",
					"/Users/tdavie/Documents/Simulation/kicad-11/utils/idftools",
					"/Users/tdavie/Documents/Simulation/kicad-11/pcbnew/./specctra_import_export",
					"/Users/tdavie/Documents/Simulation/kicad-11/build",
					"/Users/tdavie/Documents/Simulation/kicad-11/build/pcbnew",
					"/Users/tdavie/Documents/Simulation/kicad-11/common/.",
					"/Users/tdavie/Documents/Simulation/kicad-11/thirdparty/argparse/include",
					"/Users/tdavie/Documents/Simulation/kicad-11/build/api/./cpp",
					"/Users/tdavie/Documents/Simulation/kicad-11/build/api/./cpp/api",
					"/Users/tdavie/Documents/Simulation/kicad-11/thirdparty/pegtl",
					"/Users/tdavie/Documents/Simulation/kicad-11/thirdparty/magic_enum/magic_enum",
					"/Users/tdavie/Documents/Simulation/kicad-11/thirdparty/libcontext",
					"/Users/tdavie/Documents/Simulation/kicad-11/libs/kimath/include",
					"/Users/tdavie/Documents/Simulation/kicad-11/libs/core/include",
					"/Users/tdavie/Documents/Simulation/kicad-11/thirdparty/clipper2/Clipper2Lib/include",
					"/Users/tdavie/Documents/Simulation/kicad-11/thirdparty/rtree",
					"/Users/tdavie/Documents/Simulation/kicad-11/libs/kinng/include",
					"/Users/tdavie/Documents/Simulation/kicad-11/libs/kiplatform/include",
					"/Users/tdavie/Documents/Simulation/kicad-11/thirdparty/nlohmann_json",
					"/Users/tdavie/Documents/Simulation/kicad-11/libs/snap/include",
					"/Users/tdavie/Documents/Simulation/kicad-11/thirdparty/dynamic_bitset",
					"/Users/tdavie/Documents/Simulation/kicad-11/thirdparty/libpopcnt",
					"/Users/tdavie/Documents/Simulation/kicad-11/thirdparty/expected/include",
					"/Users/tdavie/Documents/Simulation/kicad-11/thirdparty/picosha2",
					"/Users/tdavie/Documents/Simulation/kicad-11/thirdparty/json_schema_validator",
					"/Users/tdavie/Documents/Simulation/kicad-11/build/common",
					"/Users/tdavie/Documents/Simulation/kicad-11/thirdparty/fast_float/include",
					"/Users/tdavie/Documents/Simulation/kicad-11/thirdparty/fmt/include",
					"/Users/tdavie/Documents/Simulation/kicad-11/thirdparty/rapidcsv",
					"/Users/tdavie/Documents/Simulation/kicad-11/libs/sexpr/include",
					"/Users/tdavie/Documents/Simulation/kicad-11/thirdparty/glad/include",
					"/Users/tdavie/Documents/Simulation/kicad-11/thirdparty/thread-pool",
					"/Users/tdavie/Documents/Simulation/kicad-11/build/include/gal/shaders",
					"/Users/tdavie/Documents/Simulation/kicad-11/thirdparty/nanosvg",
					"/Users/tdavie/Documents/Simulation/kicad-11/thirdparty/dxflib_qcad",
					"/Users/tdavie/Documents/Simulation/kicad-11/thirdparty/tinyspline_lib",
					"/Users/tdavie/Documents/Simulation/kicad-11/thirdparty/compoundfilereader",
					"/Users/tdavie/Documents/Simulation/kicad-11/thirdparty/rectpack2d",
					"/Users/tdavie/Documents/Simulation/kicad-11/thirdparty/gzip-hpp",
					"/Users/tdavie/Documents/Simulation/kicad-11/thirdparty/nanoflann",
					"/Users/tdavie/Documents/Simulation/kicad-11/thirdparty/planegcs",
					"/Users/tdavie/Documents/Simulation/kicad-11/pcbnew/pcb_io/altium",
					"/opt/homebrew/include/wx-3.2",
					"/Users/tdavie/Documents/Simulation/kicad-11/thirdparty/3dxware_sdk/inc",
					"/Users/tdavie/Documents/Simulation/kicad-11/thirdparty/3dxware_sdk/inc",
				);
				OTHER_CPLUSPLUSFLAGS = (
					"$(inherited)",
					"-fstandalone-debug",
					"-Wall",
					"-Wsuggest-override",
					"-Winconsistent-missing-override",
					"-Werror=vla",
					"-Wimplicit-fallthrough",
					"-Werror=return-type",
					"-Wshadow",
					"-Wsign-compare",
					"-Wmissing-field-initializers",
					"-Wempty-body",
					"-Wreorder",
					"-Wmismatched-tags",
					"-Wpessimizing-move",
					"-Wredundant-move",
					"-Wno-psabi",
					"-fPIC",
					"-fvisibility=hidden",
					"-fvisibility-inlines-hidden",
					"-ftrivial-auto-var-init=zero",
					"-include",
					"/Users/tdavie/Documents/Simulation/kicad-11/api/../include/import_export.h",
				);
				PRODUCT_NAME = "$(TARGET_NAME)";
				SKIP_INSTALL = YES;
				SYSTEM_HEADER_SEARCH_PATHS = (
					/opt/homebrew/include,
					/opt/homebrew/include/cairo,
					"/opt/homebrew/include/pixman-1",
					/Library/Frameworks/Mono.framework/Headers,
					/opt/homebrew/include/freetype2,
					/opt/homebrew/Cellar/harfbuzz/14.3.0/include/harfbuzz,
					/opt/homebrew/opt/opencascade/include/opencascade,
					"/opt/homebrew/lib/wx/include/osx_cocoa-unicode-3.2",
					"/opt/homebrew/include/wx-3.2",
					"/Users/tdavie/Documents/Simulation/kicad-11/thirdparty/nanodbc",
					"/Users/tdavie/Documents/Simulation/kicad-11/thirdparty/eigen",
					"$(inherited)",
				);
			};
			name = Debug;
		};
		71AD229730263516006D5847 /* Debug */ = {
			isa = XCBuildConfiguration;
			buildSettings = {
				ALWAYS_SEARCH_USER_PATHS = NO;
				ARCHS = arm64;
				ASSETCATALOG_COMPILER_GENERATE_SWIFT_ASSET_SYMBOL_EXTENSIONS = YES;
				CLANG_ANALYZER_NONNULL = YES;
				CLANG_ANALYZER_NUMBER_OBJECT_CONVERSION = YES_AGGRESSIVE;
				CLANG_CXX_LANGUAGE_STANDARD = "c++23";
				CLANG_ENABLE_MODULES = YES;
				CLANG_ENABLE_OBJC_ARC = YES;
				CLANG_ENABLE_OBJC_WEAK = YES;
				CLANG_WARN_ASSIGN_ENUM = YES;
				CLANG_WARN_BLOCK_CAPTURE_AUTORELEASING = YES;
				CLANG_WARN_BOOL_CONVERSION = YES;
				CLANG_WARN_COMMA = YES;
				CLANG_WARN_CONSTANT_CONVERSION = YES;
				CLANG_WARN_DEPRECATED_OBJC_IMPLEMENTATIONS = YES;
				CLANG_WARN_DIRECT_OBJC_ISA_USAGE = YES_ERROR;
				CLANG_WARN_DOCUMENTATION_COMMENTS = YES;
				CLANG_WARN_EMPTY_BODY = YES;
				CLANG_WARN_ENUM_CONVERSION = YES;
				CLANG_WARN_FLOAT_CONVERSION = YES_ERROR;
				CLANG_WARN_IMPLICIT_SIGN_CONVERSION = YES_ERROR;
				CLANG_WARN_INFINITE_RECURSION = YES;
				CLANG_WARN_INT_CONVERSION = YES;
				CLANG_WARN_NON_LITERAL_NULL_CONVERSION = YES;
				CLANG_WARN_OBJC_IMPLICIT_RETAIN_SELF = YES;
				CLANG_WARN_OBJC_LITERAL_CONVERSION = YES;
				CLANG_WARN_OBJC_ROOT_CLASS = YES_ERROR;
				CLANG_WARN_QUOTED_INCLUDE_IN_FRAMEWORK_HEADER = YES;
				CLANG_WARN_RANGE_LOOP_ANALYSIS = YES;
				CLANG_WARN_SEMICOLON_BEFORE_METHOD_BODY = YES;
				CLANG_WARN_STRICT_PROTOTYPES = YES;
				CLANG_WARN_SUSPICIOUS_IMPLICIT_CONVERSION = YES;
				CLANG_WARN_SUSPICIOUS_MOVE = YES;
				CLANG_WARN_UNGUARDED_AVAILABILITY = YES_AGGRESSIVE;
				CLANG_WARN_UNREACHABLE_CODE = YES;
				CLANG_WARN__DUPLICATE_METHOD_MATCH = YES;
				COPY_PHASE_STRIP = NO;
				DEBUG_INFORMATION_FORMAT = dwarf;
				ENABLE_STRICT_OBJC_MSGSEND = YES;
				ENABLE_TESTABILITY = YES;
				ENABLE_USER_SCRIPT_SANDBOXING = YES;
				GCC_C_LANGUAGE_STANDARD = c23;
				GCC_DYNAMIC_NO_PIC = NO;
				GCC_NO_COMMON_BLOCKS = YES;
				GCC_OPTIMIZATION_LEVEL = 0;
				GCC_PREPROCESSOR_DEFINITIONS = (
					"DEBUG=1",
					"$(inherited)",
				);
				GCC_TREAT_WARNINGS_AS_ERRORS = YES;
				GCC_WARN_64_TO_32_BIT_CONVERSION = YES;
				GCC_WARN_ABOUT_MISSING_FIELD_INITIALIZERS = YES;
				GCC_WARN_ABOUT_MISSING_NEWLINE = YES;
				GCC_WARN_ABOUT_MISSING_PROTOTYPES = YES;
				GCC_WARN_ABOUT_RETURN_TYPE = YES_ERROR;
				GCC_WARN_PEDANTIC = YES;
				GCC_WARN_SHADOW = YES;
				GCC_WARN_SIGN_COMPARE = YES;
				GCC_WARN_UNDECLARED_SELECTOR = YES;
				GCC_WARN_UNINITIALIZED_AUTOS = YES_AGGRESSIVE;
				GCC_WARN_UNUSED_FUNCTION = YES;
				GCC_WARN_UNUSED_VARIABLE = YES;
				LD_RUNPATH_SEARCH_PATHS = (
					"$(inherited)",
					/Users/tdavie/opt/openEMS/lib,
					/opt/homebrew/lib,
				);
				LIBRARY_SEARCH_PATHS = (
					/Users/tdavie/opt/openEMS/lib,
					/opt/homebrew/lib,
				);
				LOCALIZATION_PREFERS_STRING_CATALOGS = YES;
				MACOSX_DEPLOYMENT_TARGET = 26.5;
				MTL_ENABLE_DEBUG_INFO = INCLUDE_SOURCE;
				MTL_FAST_MATH = YES;
				ONLY_ACTIVE_ARCH = YES;
				OTHER_LDFLAGS = (
					"-lCSXCAD",
					"-lopenEMS",
					"-lmatplot",
					"-lpng16",
					"-lz",
					"-lClipper2",
				);
				SDKROOT = macosx;
				SYSTEM_HEADER_SEARCH_PATHS = (
					/Users/tdavie/opt/openEMS/include,
					/opt/homebrew/include,
				);
			};
			name = Debug;
		};
		71AD229830263516006D5847 /* Release */ = {
			isa = XCBuildConfiguration;
			buildSettings = {
				ALWAYS_SEARCH_USER_PATHS = NO;
				ARCHS = arm64;
				ASSETCATALOG_COMPILER_GENERATE_SWIFT_ASSET_SYMBOL_EXTENSIONS = YES;
				CLANG_ANALYZER_NONNULL = YES;
				CLANG_ANALYZER_NUMBER_OBJECT_CONVERSION = YES_AGGRESSIVE;
				CLANG_CXX_LANGUAGE_STANDARD = "c++23";
				CLANG_ENABLE_MODULES = YES;
				CLANG_ENABLE_OBJC_ARC = YES;
				CLANG_ENABLE_OBJC_WEAK = YES;
				CLANG_WARN_ASSIGN_ENUM = YES;
				CLANG_WARN_BLOCK_CAPTURE_AUTORELEASING = YES;
				CLANG_WARN_BOOL_CONVERSION = YES;
				CLANG_WARN_COMMA = YES;
				CLANG_WARN_CONSTANT_CONVERSION = YES;
				CLANG_WARN_DEPRECATED_OBJC_IMPLEMENTATIONS = YES;
				CLANG_WARN_DIRECT_OBJC_ISA_USAGE = YES_ERROR;
				CLANG_WARN_DOCUMENTATION_COMMENTS = YES;
				CLANG_WARN_EMPTY_BODY = YES;
				CLANG_WARN_ENUM_CONVERSION = YES;
				CLANG_WARN_FLOAT_CONVERSION = YES_ERROR;
				CLANG_WARN_IMPLICIT_SIGN_CONVERSION = YES_ERROR;
				CLANG_WARN_INFINITE_RECURSION = YES;
				CLANG_WARN_INT_CONVERSION = YES;
				CLANG_WARN_NON_LITERAL_NULL_CONVERSION = YES;
				CLANG_WARN_OBJC_IMPLICIT_RETAIN_SELF = YES;
				CLANG_WARN_OBJC_LITERAL_CONVERSION = YES;
				CLANG_WARN_OBJC_ROOT_CLASS = YES_ERROR;
				CLANG_WARN_QUOTED_INCLUDE_IN_FRAMEWORK_HEADER = YES;
				CLANG_WARN_RANGE_LOOP_ANALYSIS = YES;
				CLANG_WARN_SEMICOLON_BEFORE_METHOD_BODY = YES;
				CLANG_WARN_STRICT_PROTOTYPES = YES;
				CLANG_WARN_SUSPICIOUS_IMPLICIT_CONVERSION = YES;
				CLANG_WARN_SUSPICIOUS_MOVE = YES;
				CLANG_WARN_UNGUARDED_AVAILABILITY = YES_AGGRESSIVE;
				CLANG_WARN_UNREACHABLE_CODE = YES;
				CLANG_WARN__DUPLICATE_METHOD_MATCH = YES;
				COPY_PHASE_STRIP = NO;
				DEBUG_INFORMATION_FORMAT = "dwarf-with-dsym";
				ENABLE_NS_ASSERTIONS = NO;
				ENABLE_STRICT_OBJC_MSGSEND = YES;
				ENABLE_USER_SCRIPT_SANDBOXING = YES;
				GCC_C_LANGUAGE_STANDARD = c23;
				GCC_NO_COMMON_BLOCKS = YES;
				GCC_TREAT_WARNINGS_AS_ERRORS = YES;
				GCC_WARN_64_TO_32_BIT_CONVERSION = YES;
				GCC_WARN_ABOUT_MISSING_FIELD_INITIALIZERS = YES;
				GCC_WARN_ABOUT_MISSING_NEWLINE = YES;
				GCC_WARN_ABOUT_MISSING_PROTOTYPES = YES;
				GCC_WARN_ABOUT_RETURN_TYPE = YES_ERROR;
				GCC_WARN_PEDANTIC = YES;
				GCC_WARN_SHADOW = YES;
				GCC_WARN_SIGN_COMPARE = YES;
				GCC_WARN_UNDECLARED_SELECTOR = YES;
				GCC_WARN_UNINITIALIZED_AUTOS = YES_AGGRESSIVE;
				GCC_WARN_UNUSED_FUNCTION = YES;
				GCC_WARN_UNUSED_VARIABLE = YES;
				LD_RUNPATH_SEARCH_PATHS = (
					"$(inherited)",
					/Users/tdavie/opt/openEMS/lib,
					/opt/homebrew/lib,
				);
				LIBRARY_SEARCH_PATHS = (
					/Users/tdavie/opt/openEMS/lib,
					/opt/homebrew/lib,
				);
				LOCALIZATION_PREFERS_STRING_CATALOGS = YES;
				MACOSX_DEPLOYMENT_TARGET = 26.5;
				MTL_ENABLE_DEBUG_INFO = NO;
				MTL_FAST_MATH = YES;
				OTHER_LDFLAGS = (
					"-lCSXCAD",
					"-lopenEMS",
					"-lmatplot",
					"-lpng16",
					"-lz",
					"-lClipper2",
				);
				SDKROOT = macosx;
				SYSTEM_HEADER_SEARCH_PATHS = (
					/Users/tdavie/opt/openEMS/include,
					/opt/homebrew/include,
				);
			};
			name = Release;
		};
		71AD229A30263516006D5847 /* Debug */ = {
			isa = XCBuildConfiguration;
			buildSettings = {
				CODE_SIGN_STYLE = Automatic;
				HEADER_SEARCH_PATHS = (
					"$(inherited)",
					"$(SRCROOT)/libgerber2ems",
				);
				LIBRARY_SEARCH_PATHS = (
					"$(inherited)",
					"$(BUILT_PRODUCTS_DIR)",
				);
				OTHER_LDFLAGS = (
					"$(inherited)",
					"-llibgerber2ems",
				);
				PRODUCT_NAME = "$(TARGET_NAME)";
			};
			name = Debug;
		};
		71AD229B30263516006D5847 /* Release */ = {
			isa = XCBuildConfiguration;
			buildSettings = {
				CODE_SIGN_STYLE = Automatic;
				HEADER_SEARCH_PATHS = (
					"$(inherited)",
					"$(SRCROOT)/libgerber2ems",
				);
				LIBRARY_SEARCH_PATHS = (
					"$(inherited)",
					"$(BUILT_PRODUCTS_DIR)",
				);
				OTHER_LDFLAGS = (
					"$(inherited)",
					"-llibgerber2ems",
				);
				PRODUCT_NAME = "$(TARGET_NAME)";
			};
			name = Release;
		};
		76CF780F59412846FB761B04 /* Release */ = {
			isa = XCBuildConfiguration;
			buildSettings = {
				CODE_SIGN_STYLE = Automatic;
				HEADER_SEARCH_PATHS = (
					"$(inherited)",
					"$(SRCROOT)/libgerber2ems",
				);
				LIBRARY_SEARCH_PATHS = (
					"$(inherited)",
					"$(BUILT_PRODUCTS_DIR)",
				);
				OTHER_LDFLAGS = (
					"$(inherited)",
					"-llibgerber2ems",
				);
				PRODUCT_NAME = "$(TARGET_NAME)";
			};
			name = Release;
		};
		9DC9E0D3568EB7DF36EC7116 /* Debug */ = {
			isa = XCBuildConfiguration;
			buildSettings = {
				ASSETCATALOG_COMPILER_GENERATE_SWIFT_ASSET_SYMBOL_EXTENSIONS = YES;
				CODE_SIGN_STYLE = Automatic;
				COMBINE_HIDPI_IMAGES = YES;
				GENERATE_INFOPLIST_FILE = NO;
				HEADER_SEARCH_PATHS = (
					"$(inherited)",
					"$(SRCROOT)/libgerber2ems",
				);
				INFOPLIST_FILE = Gerber2EMSStudio/Info.plist;
				LD_RUNPATH_SEARCH_PATHS = (
					"$(inherited)",
					"@executable_path/../Frameworks",
				);
				LIBRARY_SEARCH_PATHS = (
					"$(inherited)",
					"$(BUILT_PRODUCTS_DIR)",
				);
				MARKETING_VERSION = 1.0;
				OTHER_LDFLAGS = (
					"$(inherited)",
					"-llibgerber2ems",
				);
				PRODUCT_BUNDLE_IDENTIFIER = "com.tomdavie.gerber2ems-studio";
				PRODUCT_NAME = "$(TARGET_NAME)";
				SWIFT_EMIT_LOC_STRINGS = YES;
				SWIFT_OBJC_BRIDGING_HEADER = "Gerber2EMSStudio/Bridge/Gerber2EMSStudio-Bridging-Header.h";
				SWIFT_VERSION = 5.0;
			};
			name = Debug;
		};
		A79FE867634EFFF25821E2AA /* Release */ = {
			isa = XCBuildConfiguration;
			buildSettings = {
				CLANG_CXX_LANGUAGE_STANDARD = "c++20";
				CLANG_WARN_DOCUMENTATION_COMMENTS = NO;
				CLANG_WARN_FLOAT_CONVERSION = NO;
				CLANG_WARN_IMPLICIT_SIGN_CONVERSION = NO;
				CLANG_WARN_RANGE_LOOP_ANALYSIS = NO;
				CLANG_WARN_SUSPICIOUS_IMPLICIT_CONVERSION = NO;
				CLANG_WARN_UNGUARDED_AVAILABILITY = NO;
				CODE_SIGN_STYLE = Automatic;
				GCC_PREPROCESSOR_DEFINITIONS = (
					BOOST_ATOMIC_DYN_LINK,
					BOOST_ATOMIC_NO_LIB,
					BOOST_CHARCONV_DYN_LINK,
					BOOST_CHARCONV_NO_LIB,
					BOOST_CHRONO_DYN_LINK,
					BOOST_CHRONO_NO_LIB,
					BOOST_CONTAINER_DYN_LINK,
					BOOST_CONTAINER_NO_LIB,
					BOOST_DATE_TIME_DYN_LINK,
					BOOST_DATE_TIME_NO_LIB,
					BOOST_LOCALE_DYN_LINK,
					BOOST_LOCALE_NO_LIB,
					BOOST_THREAD_DYN_LINK,
					BOOST_THREAD_NO_LIB,
					"BS_THREAD_POOL_NATIVE_EXTENSIONS=1",
					GLM_FORCE_CTOR_INIT,
					"GL_SILENCE_DEPRECATION=1",
					HAVE_STDINT_H,
					"JSON_HAS_FILESYSTEM=0",
					"KIAPI_IMPORTEXPORT=APIIMPORT",
					KICAD_BUILD_ARCH_ARM,
					"KICAD_CONFIG_DIR=kicad",
					KICAD_SIGNAL_INTEGRITY,
					KICAD_UPDATE_CHECK,
					NANODBC_ENABLE_UNICODE,
					PCBNEW,
					PROTOBUF_USE_DLLS,
					USINGZ,
					WXUSINGDLL,
					"_FILE_OFFSET_BITS=64",
					__WXMAC__,
					__WXOSX_COCOA__,
					__WXOSX__,
					"wxDEBUG_LEVEL=0",
					NDEBUG,
				);
				GCC_TREAT_WARNINGS_AS_ERRORS = NO;
				GCC_WARN_64_TO_32_BIT_CONVERSION = NO;
				GCC_WARN_ABOUT_MISSING_PROTOTYPES = NO;
				GCC_WARN_PEDANTIC = NO;
				GCC_WARN_SHADOW = NO;
				GCC_WARN_UNINITIALIZED_AUTOS = NO;
				HEADER_SEARCH_PATHS = (
					"/Users/tdavie/Documents/Simulation/kicad-11/include",
					"/Users/tdavie/Documents/Simulation/kicad-11/pcbnew/.",
					"/Users/tdavie/Documents/Simulation/kicad-11/pcbnew/./dialogs",
					"/Users/tdavie/Documents/Simulation/kicad-11/pcbnew/./autorouter",
					"/Users/tdavie/Documents/Simulation/kicad-11/pcbnew/./generators",
					"/Users/tdavie/Documents/Simulation/kicad-11/3d-viewer",
					"/Users/tdavie/Documents/Simulation/kicad-11/3d-viewer/dialogs",
					"/Users/tdavie/Documents/Simulation/kicad-11/common",
					"/Users/tdavie/Documents/Simulation/kicad-11/common/dialogs",
					"/Users/tdavie/Documents/Simulation/kicad-11/pcbnew/./exporters",
					"/Users/tdavie/Documents/Simulation/kicad-11/pcbnew/./importers",
					"/Users/tdavie/Documents/Simulation/kicad-11/utils/idftools",
					"/Users/tdavie/Documents/Simulation/kicad-11/pcbnew/./specctra_import_export",
					"/Users/tdavie/Documents/Simulation/kicad-11/build",
					"/Users/tdavie/Documents/Simulation/kicad-11/build/pcbnew",
					"/Users/tdavie/Documents/Simulation/kicad-11/common/.",
					"/Users/tdavie/Documents/Simulation/kicad-11/thirdparty/argparse/include",
					"/Users/tdavie/Documents/Simulation/kicad-11/build/api/./cpp",
					"/Users/tdavie/Documents/Simulation/kicad-11/build/api/./cpp/api",
					"/Users/tdavie/Documents/Simulation/kicad-11/thirdparty/pegtl",
					"/Users/tdavie/Documents/Simulation/kicad-11/thirdparty/magic_enum/magic_enum",
					"/Users/tdavie/Documents/Simulation/kicad-11/thirdparty/libcontext",
					"/Users/tdavie/Documents/Simulation/kicad-11/libs/kimath/include",
					"/Users/tdavie/Documents/Simulation/kicad-11/libs/core/include",
					"/Users/tdavie/Documents/Simulation/kicad-11/thirdparty/clipper2/Clipper2Lib/include",
					"/Users/tdavie/Documents/Simulation/kicad-11/thirdparty/rtree",
					"/Users/tdavie/Documents/Simulation/kicad-11/libs/kinng/include",
					"/Users/tdavie/Documents/Simulation/kicad-11/libs/kiplatform/include",
					"/Users/tdavie/Documents/Simulation/kicad-11/thirdparty/nlohmann_json",
					"/Users/tdavie/Documents/Simulation/kicad-11/libs/snap/include",
					"/Users/tdavie/Documents/Simulation/kicad-11/thirdparty/dynamic_bitset",
					"/Users/tdavie/Documents/Simulation/kicad-11/thirdparty/libpopcnt",
					"/Users/tdavie/Documents/Simulation/kicad-11/thirdparty/expected/include",
					"/Users/tdavie/Documents/Simulation/kicad-11/thirdparty/picosha2",
					"/Users/tdavie/Documents/Simulation/kicad-11/thirdparty/json_schema_validator",
					"/Users/tdavie/Documents/Simulation/kicad-11/build/common",
					"/Users/tdavie/Documents/Simulation/kicad-11/thirdparty/fast_float/include",
					"/Users/tdavie/Documents/Simulation/kicad-11/thirdparty/fmt/include",
					"/Users/tdavie/Documents/Simulation/kicad-11/thirdparty/rapidcsv",
					"/Users/tdavie/Documents/Simulation/kicad-11/libs/sexpr/include",
					"/Users/tdavie/Documents/Simulation/kicad-11/thirdparty/glad/include",
					"/Users/tdavie/Documents/Simulation/kicad-11/thirdparty/thread-pool",
					"/Users/tdavie/Documents/Simulation/kicad-11/build/include/gal/shaders",
					"/Users/tdavie/Documents/Simulation/kicad-11/thirdparty/nanosvg",
					"/Users/tdavie/Documents/Simulation/kicad-11/thirdparty/dxflib_qcad",
					"/Users/tdavie/Documents/Simulation/kicad-11/thirdparty/tinyspline_lib",
					"/Users/tdavie/Documents/Simulation/kicad-11/thirdparty/compoundfilereader",
					"/Users/tdavie/Documents/Simulation/kicad-11/thirdparty/rectpack2d",
					"/Users/tdavie/Documents/Simulation/kicad-11/thirdparty/gzip-hpp",
					"/Users/tdavie/Documents/Simulation/kicad-11/thirdparty/nanoflann",
					"/Users/tdavie/Documents/Simulation/kicad-11/thirdparty/planegcs",
					"/Users/tdavie/Documents/Simulation/kicad-11/pcbnew/pcb_io/altium",
					"/opt/homebrew/include/wx-3.2",
					"/Users/tdavie/Documents/Simulation/kicad-11/thirdparty/3dxware_sdk/inc",
					"/Users/tdavie/Documents/Simulation/kicad-11/thirdparty/3dxware_sdk/inc",
				);
				OTHER_CPLUSPLUSFLAGS = (
					"$(inherited)",
					"-fstandalone-debug",
					"-Wall",
					"-Wsuggest-override",
					"-Winconsistent-missing-override",
					"-Werror=vla",
					"-Wimplicit-fallthrough",
					"-Werror=return-type",
					"-Wshadow",
					"-Wsign-compare",
					"-Wmissing-field-initializers",
					"-Wempty-body",
					"-Wreorder",
					"-Wmismatched-tags",
					"-Wpessimizing-move",
					"-Wredundant-move",
					"-Wno-psabi",
					"-fPIC",
					"-fvisibility=hidden",
					"-fvisibility-inlines-hidden",
					"-ftrivial-auto-var-init=zero",
					"-include",
					"/Users/tdavie/Documents/Simulation/kicad-11/api/../include/import_export.h",
				);
				PRODUCT_NAME = "$(TARGET_NAME)";
				SKIP_INSTALL = YES;
				SYSTEM_HEADER_SEARCH_PATHS = (
					/opt/homebrew/include,
					/opt/homebrew/include/cairo,
					"/opt/homebrew/include/pixman-1",
					/Library/Frameworks/Mono.framework/Headers,
					/opt/homebrew/include/freetype2,
					/opt/homebrew/Cellar/harfbuzz/14.3.0/include/harfbuzz,
					/opt/homebrew/opt/opencascade/include/opencascade,
					"/opt/homebrew/lib/wx/include/osx_cocoa-unicode-3.2",
					"/opt/homebrew/include/wx-3.2",
					"/Users/tdavie/Documents/Simulation/kicad-11/thirdparty/nanodbc",
					"/Users/tdavie/Documents/Simulation/kicad-11/thirdparty/eigen",
					"$(inherited)",
				);
			};
			name = Release;
		};
		B0289571CC81A8F7D6745CC9 /* Debug */ = {
			isa = XCBuildConfiguration;
			buildSettings = {
				CLANG_CXX_LANGUAGE_STANDARD = "c++23";
				CLANG_WARN_DOCUMENTATION_COMMENTS = NO;
				CLANG_WARN_FLOAT_CONVERSION = NO;
				CLANG_WARN_IMPLICIT_SIGN_CONVERSION = NO;
				CLANG_WARN_RANGE_LOOP_ANALYSIS = NO;
				CLANG_WARN_SUSPICIOUS_IMPLICIT_CONVERSION = NO;
				CLANG_WARN_UNGUARDED_AVAILABILITY = NO;
				CODE_SIGN_STYLE = Automatic;
				GCC_PREPROCESSOR_DEFINITIONS = (
					BOOST_ATOMIC_DYN_LINK,
					BOOST_ATOMIC_NO_LIB,
					BOOST_CHARCONV_DYN_LINK,
					BOOST_CHARCONV_NO_LIB,
					BOOST_CHRONO_DYN_LINK,
					BOOST_CHRONO_NO_LIB,
					BOOST_CONTAINER_DYN_LINK,
					BOOST_CONTAINER_NO_LIB,
					BOOST_DATE_TIME_DYN_LINK,
					BOOST_DATE_TIME_NO_LIB,
					BOOST_LOCALE_DYN_LINK,
					BOOST_LOCALE_NO_LIB,
					BOOST_THREAD_DYN_LINK,
					BOOST_THREAD_NO_LIB,
					"BS_THREAD_POOL_NATIVE_EXTENSIONS=1",
					GLM_FORCE_CTOR_INIT,
					"GL_SILENCE_DEPRECATION=1",
					HAVE_STDINT_H,
					"JSON_HAS_FILESYSTEM=0",
					"KIAPI_IMPORTEXPORT=APIIMPORT",
					KICAD_BUILD_ARCH_ARM,
					"KICAD_CONFIG_DIR=kicad",
					KICAD_SIGNAL_INTEGRITY,
					KICAD_UPDATE_CHECK,
					NANODBC_ENABLE_UNICODE,
					PCBNEW,
					PROTOBUF_USE_DLLS,
					USINGZ,
					WXUSINGDLL,
					"_FILE_OFFSET_BITS=64",
					__WXMAC__,
					__WXOSX_COCOA__,
					__WXOSX__,
					"wxDEBUG_LEVEL=0",
					NDEBUG,
				);
				GCC_TREAT_WARNINGS_AS_ERRORS = NO;
				GCC_WARN_64_TO_32_BIT_CONVERSION = NO;
				GCC_WARN_ABOUT_MISSING_PROTOTYPES = NO;
				GCC_WARN_PEDANTIC = NO;
				GCC_WARN_SHADOW = NO;
				GCC_WARN_UNINITIALIZED_AUTOS = NO;
				HEADER_SEARCH_PATHS = (
					"/Users/tdavie/Documents/Simulation/kicad-11/include",
					"/Users/tdavie/Documents/Simulation/kicad-11/pcbnew/.",
					"/Users/tdavie/Documents/Simulation/kicad-11/pcbnew/./dialogs",
					"/Users/tdavie/Documents/Simulation/kicad-11/pcbnew/./autorouter",
					"/Users/tdavie/Documents/Simulation/kicad-11/pcbnew/./generators",
					"/Users/tdavie/Documents/Simulation/kicad-11/3d-viewer",
					"/Users/tdavie/Documents/Simulation/kicad-11/3d-viewer/dialogs",
					"/Users/tdavie/Documents/Simulation/kicad-11/common",
					"/Users/tdavie/Documents/Simulation/kicad-11/common/dialogs",
					"/Users/tdavie/Documents/Simulation/kicad-11/pcbnew/./exporters",
					"/Users/tdavie/Documents/Simulation/kicad-11/pcbnew/./importers",
					"/Users/tdavie/Documents/Simulation/kicad-11/utils/idftools",
					"/Users/tdavie/Documents/Simulation/kicad-11/pcbnew/./specctra_import_export",
					"/Users/tdavie/Documents/Simulation/kicad-11/build",
					"/Users/tdavie/Documents/Simulation/kicad-11/build/pcbnew",
					"/Users/tdavie/Documents/Simulation/kicad-11/common/.",
					"/Users/tdavie/Documents/Simulation/kicad-11/thirdparty/argparse/include",
					"/Users/tdavie/Documents/Simulation/kicad-11/build/api/./cpp",
					"/Users/tdavie/Documents/Simulation/kicad-11/build/api/./cpp/api",
					"/Users/tdavie/Documents/Simulation/kicad-11/thirdparty/pegtl",
					"/Users/tdavie/Documents/Simulation/kicad-11/thirdparty/magic_enum/magic_enum",
					"/Users/tdavie/Documents/Simulation/kicad-11/thirdparty/libcontext",
					"/Users/tdavie/Documents/Simulation/kicad-11/libs/kimath/include",
					"/Users/tdavie/Documents/Simulation/kicad-11/libs/core/include",
					"/Users/tdavie/Documents/Simulation/kicad-11/thirdparty/clipper2/Clipper2Lib/include",
					"/Users/tdavie/Documents/Simulation/kicad-11/thirdparty/rtree",
					"/Users/tdavie/Documents/Simulation/kicad-11/libs/kinng/include",
					"/Users/tdavie/Documents/Simulation/kicad-11/libs/kiplatform/include",
					"/Users/tdavie/Documents/Simulation/kicad-11/thirdparty/nlohmann_json",
					"/Users/tdavie/Documents/Simulation/kicad-11/libs/snap/include",
					"/Users/tdavie/Documents/Simulation/kicad-11/thirdparty/dynamic_bitset",
					"/Users/tdavie/Documents/Simulation/kicad-11/thirdparty/libpopcnt",
					"/Users/tdavie/Documents/Simulation/kicad-11/thirdparty/expected/include",
					"/Users/tdavie/Documents/Simulation/kicad-11/thirdparty/picosha2",
					"/Users/tdavie/Documents/Simulation/kicad-11/thirdparty/json_schema_validator",
					"/Users/tdavie/Documents/Simulation/kicad-11/build/common",
					"/Users/tdavie/Documents/Simulation/kicad-11/thirdparty/fast_float/include",
					"/Users/tdavie/Documents/Simulation/kicad-11/thirdparty/fmt/include",
					"/Users/tdavie/Documents/Simulation/kicad-11/thirdparty/rapidcsv",
					"/Users/tdavie/Documents/Simulation/kicad-11/libs/sexpr/include",
					"/Users/tdavie/Documents/Simulation/kicad-11/thirdparty/glad/include",
					"/Users/tdavie/Documents/Simulation/kicad-11/thirdparty/thread-pool",
					"/Users/tdavie/Documents/Simulation/kicad-11/build/include/gal/shaders",
					"/Users/tdavie/Documents/Simulation/kicad-11/thirdparty/nanosvg",
					"/Users/tdavie/Documents/Simulation/kicad-11/thirdparty/dxflib_qcad",
					"/Users/tdavie/Documents/Simulation/kicad-11/thirdparty/tinyspline_lib",
					"/Users/tdavie/Documents/Simulation/kicad-11/thirdparty/compoundfilereader",
					"/Users/tdavie/Documents/Simulation/kicad-11/thirdparty/rectpack2d",
					"/Users/tdavie/Documents/Simulation/kicad-11/thirdparty/gzip-hpp",
					"/Users/tdavie/Documents/Simulation/kicad-11/thirdparty/nanoflann",
					"/Users/tdavie/Documents/Simulation/kicad-11/thirdparty/planegcs",
					"/Users/tdavie/Documents/Simulation/kicad-11/pcbnew/pcb_io/altium",
					"/opt/homebrew/include/wx-3.2",
					"/Users/tdavie/Documents/Simulation/kicad-11/thirdparty/3dxware_sdk/inc",
					"/Users/tdavie/Documents/Simulation/kicad-11/thirdparty/3dxware_sdk/inc",
				);
				LIBRARY_SEARCH_PATHS = (
					"$(inherited)",
					"$(BUILT_PRODUCTS_DIR)",
				);
				OTHER_CPLUSPLUSFLAGS = (
					"$(inherited)",
					"-fstandalone-debug",
					"-Wall",
					"-Wsuggest-override",
					"-Winconsistent-missing-override",
					"-Werror=vla",
					"-Wimplicit-fallthrough",
					"-Werror=return-type",
					"-Wshadow",
					"-Wsign-compare",
					"-Wmissing-field-initializers",
					"-Wempty-body",
					"-Wreorder",
					"-Wmismatched-tags",
					"-Wpessimizing-move",
					"-Wredundant-move",
					"-Wno-psabi",
					"-fPIC",
					"-fvisibility=hidden",
					"-fvisibility-inlines-hidden",
					"-ftrivial-auto-var-init=zero",
					"-include",
					"/Users/tdavie/Documents/Simulation/kicad-11/api/../include/import_export.h",
				);
				OTHER_LDFLAGS = (
					"-Wl,-undefined,dynamic_lookup",
					"-llibkicad",
					"/Users/tdavie/Documents/Simulation/kicad-11/build/pcbnew/CMakeFiles/pcbnew_kiface_objects.dir/api/api_handler_pcb.cpp.o",
					"/Users/tdavie/Documents/Simulation/kicad-11/build/pcbnew/CMakeFiles/pcbnew_kiface_objects.dir/api/api_handler_board.cpp.o",
					"/Users/tdavie/Documents/Simulation/kicad-11/build/pcbnew/CMakeFiles/pcbnew_kiface_objects.dir/api/headless_pcb_context.cpp.o",
					"/Users/tdavie/Documents/Simulation/kicad-11/build/pcbnew/CMakeFiles/pcbnew_kiface_objects.dir/api/pcb_context.cpp.o",
					"/Users/tdavie/Documents/Simulation/kicad-11/build/common/libpcbcommon.a",
					"/Users/tdavie/Documents/Simulation/kicad-11/build/libs/kiplatform/libkiplatform.a",
					"/Users/tdavie/Documents/Simulation/kicad-11/build/common/libcommon.a",
					"/Users/tdavie/Documents/Simulation/kicad-11/build/libs/core/libcore.a",
					"-L/opt/homebrew/lib",
					"-framework",
					IOKit,
					"-framework",
					Carbon,
					"-framework",
					Cocoa,
					"-framework",
					QuartzCore,
					"-framework",
					AudioToolbox,
					"-framework",
					System,
					"-framework",
					OpenGL,
					"-lwx_osx_cocoau_gl-3.2",
					"-lwx_osx_cocoau_aui-3.2",
					"-lwx_osx_cocoau_html-3.2",
					"-lwx_osx_cocoau_core-3.2",
					"-lwx_baseu_net-3.2",
					"-lwx_baseu-3.2",
					"-lwx_osx_cocoau_propgrid-3.2",
					"-lwx_baseu_xml-3.2",
					"-lwx_osx_cocoau_stc-3.2",
					"-lwx_osx_cocoau_richtext-3.2",
					"-lwx_osx_cocoau_webview-3.2",
					"/Users/tdavie/Documents/Simulation/kicad-11/build/thirdparty/planegcs/libplanegcs.a",
					/Applications/Xcode.app/Contents/Developer/Platforms/MacOSX.platform/Developer/SDKs/MacOSX.sdk/usr/lib/libz.tbd,
					/opt/homebrew/lib/libTKBinL.dylib,
					/opt/homebrew/lib/libTKBin.dylib,
					/opt/homebrew/lib/libTKBinTObj.dylib,
					/opt/homebrew/lib/libTKBinXCAF.dylib,
					/opt/homebrew/lib/libTKBool.dylib,
					/opt/homebrew/lib/libTKBO.dylib,
					/opt/homebrew/lib/libTKBRep.dylib,
					/opt/homebrew/lib/libTKCAF.dylib,
					/opt/homebrew/lib/libTKCDF.dylib,
					/opt/homebrew/lib/libTKernel.dylib,
					/opt/homebrew/lib/libTKFeat.dylib,
					/opt/homebrew/lib/libTKFillet.dylib,
					/opt/homebrew/lib/libTKG2d.dylib,
					/opt/homebrew/lib/libTKG3d.dylib,
					/opt/homebrew/lib/libTKGeomAlgo.dylib,
					/opt/homebrew/lib/libTKGeomBase.dylib,
					/opt/homebrew/lib/libTKHLR.dylib,
					/opt/homebrew/lib/libTKLCAF.dylib,
					/opt/homebrew/lib/libTKMath.dylib,
					/opt/homebrew/lib/libTKMesh.dylib,
					/opt/homebrew/lib/libTKOffset.dylib,
					/opt/homebrew/lib/libTKPrim.dylib,
					/opt/homebrew/lib/libTKRWMesh.dylib,
					/opt/homebrew/lib/libTKService.dylib,
					/opt/homebrew/lib/libTKShHealing.dylib,
					/opt/homebrew/lib/libTKTObj.dylib,
					/opt/homebrew/lib/libTKTopAlgo.dylib,
					/opt/homebrew/lib/libTKV3d.dylib,
					/opt/homebrew/lib/libTKXCAF.dylib,
					/opt/homebrew/lib/libTKXMesh.dylib,
					/opt/homebrew/lib/libTKXmlL.dylib,
					/opt/homebrew/lib/libTKXml.dylib,
					/opt/homebrew/lib/libTKXmlTObj.dylib,
					/opt/homebrew/lib/libTKXmlXCAF.dylib,
					/opt/homebrew/lib/libTKXSBase.dylib,
					/opt/homebrew/lib/libTKDEIGES.dylib,
					/opt/homebrew/lib/libTKDEGLTF.dylib,
					/opt/homebrew/lib/libTKDESTEP.dylib,
					/opt/homebrew/lib/libTKDESTL.dylib,
					/opt/homebrew/lib/libTKDEVRML.dylib,
					/opt/homebrew/lib/libTKDEPLY.dylib,
					"/Users/tdavie/Documents/Simulation/kicad-11/build/kicad/KiCad.app/Contents/Frameworks/libkigal.10.99.0.dylib",
					"/Users/tdavie/Documents/Simulation/kicad-11/build/kicad/KiCad.app/Contents/Frameworks/libkicommon.10.99.0.dylib",
					"/Users/tdavie/Documents/Simulation/kicad-11/build/kicad/KiCad.app/Contents/Frameworks/libkiapi.10.99.0.dylib",
					/opt/homebrew/lib/libprotobuf.35.1.0.dylib,
					/opt/homebrew/lib/libabsl_log_internal_check_op.2601.0.0.dylib,
					/opt/homebrew/lib/libabsl_die_if_null.2601.0.0.dylib,
					/opt/homebrew/lib/libabsl_log_internal_conditions.2601.0.0.dylib,
					/opt/homebrew/lib/libabsl_log_internal_message.2601.0.0.dylib,
					/opt/homebrew/lib/libabsl_log_internal_nullguard.2601.0.0.dylib,
					/opt/homebrew/lib/libabsl_examine_stack.2601.0.0.dylib,
					/opt/homebrew/lib/libabsl_log_internal_format.2601.0.0.dylib,
					/opt/homebrew/lib/libabsl_log_internal_structured_proto.2601.0.0.dylib,
					/opt/homebrew/lib/libabsl_log_internal_log_sink_set.2601.0.0.dylib,
					/opt/homebrew/lib/libabsl_log_sink.2601.0.0.dylib,
					/opt/homebrew/lib/libabsl_log_entry.2601.0.0.dylib,
					/opt/homebrew/lib/libabsl_log_internal_proto.2601.0.0.dylib,
					/opt/homebrew/lib/libabsl_flags_internal.2601.0.0.dylib,
					/opt/homebrew/lib/libabsl_flags_marshalling.2601.0.0.dylib,
					/opt/homebrew/lib/libabsl_flags_reflection.2601.0.0.dylib,
					/opt/homebrew/lib/libabsl_flags_config.2601.0.0.dylib,
					/opt/homebrew/lib/libabsl_flags_program_name.2601.0.0.dylib,
					/opt/homebrew/lib/libabsl_flags_private_handle_accessor.2601.0.0.dylib,
					/opt/homebrew/lib/libabsl_flags_commandlineflag.2601.0.0.dylib,
					/opt/homebrew/lib/libabsl_flags_commandlineflag_internal.2601.0.0.dylib,
					/opt/homebrew/lib/libabsl_log_initialize.2601.0.0.dylib,
					/opt/homebrew/lib/libabsl_log_internal_globals.2601.0.0.dylib,
					/opt/homebrew/lib/libabsl_log_globals.2601.0.0.dylib,
					/opt/homebrew/lib/libabsl_vlog_config_internal.2601.0.0.dylib,
					/opt/homebrew/lib/libabsl_log_internal_fnmatch.2601.0.0.dylib,
					/opt/homebrew/lib/libabsl_raw_hash_set.2601.0.0.dylib,
					/opt/homebrew/lib/libabsl_hashtablez_sampler.2601.0.0.dylib,
					/opt/homebrew/lib/libabsl_random_distributions.2601.0.0.dylib,
					/opt/homebrew/lib/libabsl_random_seed_sequences.2601.0.0.dylib,
					/opt/homebrew/lib/libabsl_random_internal_entropy_pool.2601.0.0.dylib,
					/opt/homebrew/lib/libabsl_random_internal_randen.2601.0.0.dylib,
					/opt/homebrew/lib/libabsl_random_internal_randen_hwaes.2601.0.0.dylib,
					/opt/homebrew/lib/libabsl_random_internal_randen_hwaes_impl.2601.0.0.dylib,
					/opt/homebrew/lib/libabsl_random_internal_randen_slow.2601.0.0.dylib,
					/opt/homebrew/lib/libabsl_random_internal_platform.2601.0.0.dylib,
					/opt/homebrew/lib/libabsl_random_internal_seed_material.2601.0.0.dylib,
					/opt/homebrew/lib/libabsl_random_seed_gen_exception.2601.0.0.dylib,
					/opt/homebrew/lib/libabsl_statusor.2601.0.0.dylib,
					/opt/homebrew/lib/libabsl_status.2601.0.0.dylib,
					/opt/homebrew/lib/libabsl_cord.2601.0.0.dylib,
					/opt/homebrew/lib/libabsl_cordz_info.2601.0.0.dylib,
					/opt/homebrew/lib/libabsl_cord_internal.2601.0.0.dylib,
					/opt/homebrew/lib/libabsl_cordz_functions.2601.0.0.dylib,
					/opt/homebrew/lib/libabsl_exponential_biased.2601.0.0.dylib,
					/opt/homebrew/lib/libabsl_cordz_handle.2601.0.0.dylib,
					/opt/homebrew/lib/libabsl_crc_cord_state.2601.0.0.dylib,
					/opt/homebrew/lib/libabsl_crc32c.2601.0.0.dylib,
					/opt/homebrew/lib/libabsl_crc_internal.2601.0.0.dylib,
					/opt/homebrew/lib/libabsl_crc_cpu_detect.2601.0.0.dylib,
					/opt/homebrew/lib/libabsl_leak_check.2601.0.0.dylib,
					/opt/homebrew/lib/libabsl_strerror.2601.0.0.dylib,
					/opt/homebrew/lib/libabsl_str_format_internal.2601.0.0.dylib,
					/opt/homebrew/lib/libabsl_synchronization.2601.0.0.dylib,
					/opt/homebrew/lib/libabsl_stacktrace.2601.0.0.dylib,
					/opt/homebrew/lib/libabsl_borrowed_fixup_buffer.2601.0.0.dylib,
					/opt/homebrew/lib/libabsl_hash.2601.0.0.dylib,
					/opt/homebrew/lib/libabsl_city.2601.0.0.dylib,
					/opt/homebrew/lib/libabsl_symbolize.2601.0.0.dylib,
					/opt/homebrew/lib/libabsl_debugging_internal.2601.0.0.dylib,
					/opt/homebrew/lib/libabsl_demangle_internal.2601.0.0.dylib,
					/opt/homebrew/lib/libabsl_demangle_rust.2601.0.0.dylib,
					/opt/homebrew/lib/libabsl_decode_rust_punycode.2601.0.0.dylib,
					/opt/homebrew/lib/libabsl_utf8_for_code_point.2601.0.0.dylib,
					/opt/homebrew/lib/libabsl_graphcycles_internal.2601.0.0.dylib,
					/opt/homebrew/lib/libabsl_kernel_timeout_internal.2601.0.0.dylib,
					/opt/homebrew/lib/libabsl_malloc_internal.2601.0.0.dylib,
					/opt/homebrew/lib/libabsl_tracing_internal.2601.0.0.dylib,
					/opt/homebrew/lib/libabsl_time.2601.0.0.dylib,
					/opt/homebrew/lib/libabsl_civil_time.2601.0.0.dylib,
					/opt/homebrew/lib/libabsl_time_zone.2601.0.0.dylib,
					"-Wl,-framework,CoreFoundation",
					/opt/homebrew/lib/libutf8_validity.35.1.0.dylib,
					/opt/homebrew/lib/libabsl_strings.2601.0.0.dylib,
					/opt/homebrew/lib/libabsl_int128.2601.0.0.dylib,
					/opt/homebrew/lib/libabsl_strings_internal.2601.0.0.dylib,
					/opt/homebrew/lib/libabsl_base.2601.0.0.dylib,
					/opt/homebrew/lib/libabsl_spinlock_wait.2601.0.0.dylib,
					/opt/homebrew/lib/libabsl_throw_delegate.2601.0.0.dylib,
					/opt/homebrew/lib/libabsl_raw_logging_internal.2601.0.0.dylib,
					/opt/homebrew/lib/libabsl_log_severity.2601.0.0.dylib,
					"/Users/tdavie/Documents/Simulation/kicad-11/build/thirdparty/json_schema_validator/libnlohmann_json_schema_validator.a",
					/Applications/Xcode.app/Contents/Developer/Platforms/MacOSX.platform/Developer/SDKs/MacOSX.sdk/usr/lib/libcurl.tbd,
					"/Users/tdavie/Documents/Simulation/kicad-11/build/libs/sexpr/libsexpr.a",
					"/Users/tdavie/Documents/Simulation/kicad-11/build/thirdparty/glad/libglad.a",
					/opt/homebrew/lib/libzstd.dylib,
					/opt/homebrew/Cellar/libgit2/1.9.6/lib/libgit2.dylib,
					/opt/homebrew/Cellar/cairo/1.18.4/lib/libcairo.dylib,
					"/opt/homebrew/Cellar/pixman/0.46.4/lib/libpixman-1.dylib",
					"/Users/tdavie/Documents/Simulation/kicad-11/build/libs/kinng/libkinng.a",
					/opt/homebrew/lib/libnng.dylib,
					"/Users/tdavie/Documents/Simulation/kicad-11/build/thirdparty/fmt/libfmt.a",
					/opt/homebrew/lib/libfreetype.dylib,
					/opt/homebrew/Cellar/harfbuzz/14.3.0/lib/libharfbuzz.dylib,
					/opt/homebrew/lib/libfontconfig.dylib,
					"/Users/tdavie/Documents/Simulation/kicad-11/build/thirdparty/libcontext/liblibcontext.a",
					"/Users/tdavie/Documents/Simulation/kicad-11/build/libs/snap/libsnap.a",
					"/Users/tdavie/Documents/Simulation/kicad-11/build/thirdparty/nanosvg/libnanosvg.a",
					"/Users/tdavie/Documents/Simulation/kicad-11/build/thirdparty/dxflib_qcad/libdxflib_qcad.a",
					"/Users/tdavie/Documents/Simulation/kicad-11/build/thirdparty/tinyspline_lib/libtinyspline_lib.a",
					"/Users/tdavie/Documents/Simulation/kicad-11/build/thirdparty/nanodbc/libnanodbc.a",
					"-lodbc",
					"-L/opt/homebrew/Cellar/unixodbc/2.3.14/lib",
					/opt/homebrew/lib/libboost_locale.dylib,
					/opt/homebrew/lib/libboost_charconv.dylib,
					/opt/homebrew/lib/libboost_thread.dylib,
					/opt/homebrew/lib/libboost_atomic.dylib,
					/opt/homebrew/lib/libboost_chrono.dylib,
					/opt/homebrew/lib/libboost_container.dylib,
					/opt/homebrew/lib/libboost_date_time.dylib,
					"/Users/tdavie/Documents/Simulation/kicad-11/build/thirdparty/delaunator/libdelaunator.a",
					"/Users/tdavie/Documents/Simulation/kicad-11/build/thirdparty/zint/libzint.a",
					"/Users/tdavie/Documents/Simulation/kicad-11/build/libs/kimath/libkimath.a",
					"/Users/tdavie/Documents/Simulation/kicad-11/build/thirdparty/clipper2/libclipper2.a",
					"-lm",
					"-framework",
					AppKit,
					"-framework",
					CoreData,
					"-framework",
					Foundation,
					"-framework",
					PDFKit,
					"-framework",
					WebKit,
					"-framework",
					CFNetwork,
					"-framework",
					CoreFoundation,
					"-framework",
					Security,
					"/Users/tdavie/Documents/Simulation/kicad-11/build/thirdparty/3dxware_sdk/libTDxNavlib.a",
					"-Wl,-rpath,/Users/tdavie/Documents/Simulation/kicad-11/build/kicad/KiCad.app/Contents/Frameworks",
					"-Wl,-rpath,/opt/homebrew/Cellar/libgit2/1.9.6/lib",
					"-Wl,-rpath,/opt/homebrew/Cellar/cairo/1.18.4/lib",
					"-Wl,-rpath,/opt/homebrew/Cellar/pixman/0.46.4/lib",
					"-Wl,-rpath,/opt/homebrew/Cellar/harfbuzz/14.3.0/lib",
					"-Wl,-rpath,/opt/homebrew/Cellar/unixodbc/2.3.14/lib",
				);
				PRODUCT_NAME = "$(TARGET_NAME)";
				SKIP_INSTALL = YES;
				SYSTEM_HEADER_SEARCH_PATHS = (
					/opt/homebrew/include,
					/opt/homebrew/include/cairo,
					"/opt/homebrew/include/pixman-1",
					/Library/Frameworks/Mono.framework/Headers,
					/opt/homebrew/include/freetype2,
					/opt/homebrew/Cellar/harfbuzz/14.3.0/include/harfbuzz,
					/opt/homebrew/opt/opencascade/include/opencascade,
					"/opt/homebrew/lib/wx/include/osx_cocoa-unicode-3.2",
					"/opt/homebrew/include/wx-3.2",
					"/Users/tdavie/Documents/Simulation/kicad-11/thirdparty/nanodbc",
					"/Users/tdavie/Documents/Simulation/kicad-11/thirdparty/eigen",
					"$(inherited)",
				);
			};
			name = Debug;
		};
		C674A4B6897CD58CA339D0D9 /* Debug */ = {
			isa = XCBuildConfiguration;
			buildSettings = {
				CODE_SIGN_STYLE = Automatic;
				HEADER_SEARCH_PATHS = (
					"$(inherited)",
					"$(SRCROOT)/libgerber2ems",
				);
				LIBRARY_SEARCH_PATHS = (
					"$(inherited)",
					"$(BUILT_PRODUCTS_DIR)",
				);
				OTHER_LDFLAGS = (
					"$(inherited)",
					"-llibgerber2ems",
				);
				PRODUCT_NAME = "$(TARGET_NAME)";
			};
			name = Debug;
		};
		CB79A2CB4F47AF8A3E194FC4 /* Release */ = {
			isa = XCBuildConfiguration;
			buildSettings = {
				CODE_SIGN_STYLE = Automatic;
				PRODUCT_NAME = "$(TARGET_NAME)";
				SKIP_INSTALL = YES;
			};
			name = Release;
		};
		CC28A0BE6C7D349F5B768BF0 /* Debug */ = {
			isa = XCBuildConfiguration;
			buildSettings = {
				CODE_SIGN_STYLE = Automatic;
				PRODUCT_NAME = "$(TARGET_NAME)";
				SKIP_INSTALL = YES;
			};
			name = Debug;
		};
		EEA49829DD57398072E0E08B /* Release */ = {
			isa = XCBuildConfiguration;
			buildSettings = {
				ASSETCATALOG_COMPILER_GENERATE_SWIFT_ASSET_SYMBOL_EXTENSIONS = YES;
				CODE_SIGN_STYLE = Automatic;
				COMBINE_HIDPI_IMAGES = YES;
				GENERATE_INFOPLIST_FILE = NO;
				HEADER_SEARCH_PATHS = (
					"$(inherited)",
					"$(SRCROOT)/libgerber2ems",
				);
				INFOPLIST_FILE = Gerber2EMSStudio/Info.plist;
				LD_RUNPATH_SEARCH_PATHS = (
					"$(inherited)",
					"@executable_path/../Frameworks",
				);
				LIBRARY_SEARCH_PATHS = (
					"$(inherited)",
					"$(BUILT_PRODUCTS_DIR)",
				);
				MARKETING_VERSION = 1.0;
				OTHER_LDFLAGS = (
					"$(inherited)",
					"-llibgerber2ems",
				);
				PRODUCT_BUNDLE_IDENTIFIER = "com.tomdavie.gerber2ems-studio";
				PRODUCT_NAME = "$(TARGET_NAME)";
				SWIFT_EMIT_LOC_STRINGS = YES;
				SWIFT_OBJC_BRIDGING_HEADER = "Gerber2EMSStudio/Bridge/Gerber2EMSStudio-Bridging-Header.h";
				SWIFT_VERSION = 5.0;
			};
			name = Release;
		};
		F066C43374702408CFB59B5D /* Release */ = {
			isa = XCBuildConfiguration;
			buildSettings = {
				CLANG_CXX_LANGUAGE_STANDARD = "c++23";
				CLANG_WARN_DOCUMENTATION_COMMENTS = NO;
				CLANG_WARN_FLOAT_CONVERSION = NO;
				CLANG_WARN_IMPLICIT_SIGN_CONVERSION = NO;
				CLANG_WARN_RANGE_LOOP_ANALYSIS = NO;
				CLANG_WARN_SUSPICIOUS_IMPLICIT_CONVERSION = NO;
				CLANG_WARN_UNGUARDED_AVAILABILITY = NO;
				CODE_SIGN_STYLE = Automatic;
				GCC_PREPROCESSOR_DEFINITIONS = (
					BOOST_ATOMIC_DYN_LINK,
					BOOST_ATOMIC_NO_LIB,
					BOOST_CHARCONV_DYN_LINK,
					BOOST_CHARCONV_NO_LIB,
					BOOST_CHRONO_DYN_LINK,
					BOOST_CHRONO_NO_LIB,
					BOOST_CONTAINER_DYN_LINK,
					BOOST_CONTAINER_NO_LIB,
					BOOST_DATE_TIME_DYN_LINK,
					BOOST_DATE_TIME_NO_LIB,
					BOOST_LOCALE_DYN_LINK,
					BOOST_LOCALE_NO_LIB,
					BOOST_THREAD_DYN_LINK,
					BOOST_THREAD_NO_LIB,
					"BS_THREAD_POOL_NATIVE_EXTENSIONS=1",
					GLM_FORCE_CTOR_INIT,
					"GL_SILENCE_DEPRECATION=1",
					HAVE_STDINT_H,
					"JSON_HAS_FILESYSTEM=0",
					"KIAPI_IMPORTEXPORT=APIIMPORT",
					KICAD_BUILD_ARCH_ARM,
					"KICAD_CONFIG_DIR=kicad",
					KICAD_SIGNAL_INTEGRITY,
					KICAD_UPDATE_CHECK,
					NANODBC_ENABLE_UNICODE,
					PCBNEW,
					PROTOBUF_USE_DLLS,
					USINGZ,
					WXUSINGDLL,
					"_FILE_OFFSET_BITS=64",
					__WXMAC__,
					__WXOSX_COCOA__,
					__WXOSX__,
					"wxDEBUG_LEVEL=0",
					NDEBUG,
				);
				GCC_TREAT_WARNINGS_AS_ERRORS = NO;
				GCC_WARN_64_TO_32_BIT_CONVERSION = NO;
				GCC_WARN_ABOUT_MISSING_PROTOTYPES = NO;
				GCC_WARN_PEDANTIC = NO;
				GCC_WARN_SHADOW = NO;
				GCC_WARN_UNINITIALIZED_AUTOS = NO;
				HEADER_SEARCH_PATHS = (
					"/Users/tdavie/Documents/Simulation/kicad-11/include",
					"/Users/tdavie/Documents/Simulation/kicad-11/pcbnew/.",
					"/Users/tdavie/Documents/Simulation/kicad-11/pcbnew/./dialogs",
					"/Users/tdavie/Documents/Simulation/kicad-11/pcbnew/./autorouter",
					"/Users/tdavie/Documents/Simulation/kicad-11/pcbnew/./generators",
					"/Users/tdavie/Documents/Simulation/kicad-11/3d-viewer",
					"/Users/tdavie/Documents/Simulation/kicad-11/3d-viewer/dialogs",
					"/Users/tdavie/Documents/Simulation/kicad-11/common",
					"/Users/tdavie/Documents/Simulation/kicad-11/common/dialogs",
					"/Users/tdavie/Documents/Simulation/kicad-11/pcbnew/./exporters",
					"/Users/tdavie/Documents/Simulation/kicad-11/pcbnew/./importers",
					"/Users/tdavie/Documents/Simulation/kicad-11/utils/idftools",
					"/Users/tdavie/Documents/Simulation/kicad-11/pcbnew/./specctra_import_export",
					"/Users/tdavie/Documents/Simulation/kicad-11/build",
					"/Users/tdavie/Documents/Simulation/kicad-11/build/pcbnew",
					"/Users/tdavie/Documents/Simulation/kicad-11/common/.",
					"/Users/tdavie/Documents/Simulation/kicad-11/thirdparty/argparse/include",
					"/Users/tdavie/Documents/Simulation/kicad-11/build/api/./cpp",
					"/Users/tdavie/Documents/Simulation/kicad-11/build/api/./cpp/api",
					"/Users/tdavie/Documents/Simulation/kicad-11/thirdparty/pegtl",
					"/Users/tdavie/Documents/Simulation/kicad-11/thirdparty/magic_enum/magic_enum",
					"/Users/tdavie/Documents/Simulation/kicad-11/thirdparty/libcontext",
					"/Users/tdavie/Documents/Simulation/kicad-11/libs/kimath/include",
					"/Users/tdavie/Documents/Simulation/kicad-11/libs/core/include",
					"/Users/tdavie/Documents/Simulation/kicad-11/thirdparty/clipper2/Clipper2Lib/include",
					"/Users/tdavie/Documents/Simulation/kicad-11/thirdparty/rtree",
					"/Users/tdavie/Documents/Simulation/kicad-11/libs/kinng/include",
					"/Users/tdavie/Documents/Simulation/kicad-11/libs/kiplatform/include",
					"/Users/tdavie/Documents/Simulation/kicad-11/thirdparty/nlohmann_json",
					"/Users/tdavie/Documents/Simulation/kicad-11/libs/snap/include",
					"/Users/tdavie/Documents/Simulation/kicad-11/thirdparty/dynamic_bitset",
					"/Users/tdavie/Documents/Simulation/kicad-11/thirdparty/libpopcnt",
					"/Users/tdavie/Documents/Simulation/kicad-11/thirdparty/expected/include",
					"/Users/tdavie/Documents/Simulation/kicad-11/thirdparty/picosha2",
					"/Users/tdavie/Documents/Simulation/kicad-11/thirdparty/json_schema_validator",
					"/Users/tdavie/Documents/Simulation/kicad-11/build/common",
					"/Users/tdavie/Documents/Simulation/kicad-11/thirdparty/fast_float/include",
					"/Users/tdavie/Documents/Simulation/kicad-11/thirdparty/fmt/include",
					"/Users/tdavie/Documents/Simulation/kicad-11/thirdparty/rapidcsv",
					"/Users/tdavie/Documents/Simulation/kicad-11/libs/sexpr/include",
					"/Users/tdavie/Documents/Simulation/kicad-11/thirdparty/glad/include",
					"/Users/tdavie/Documents/Simulation/kicad-11/thirdparty/thread-pool",
					"/Users/tdavie/Documents/Simulation/kicad-11/build/include/gal/shaders",
					"/Users/tdavie/Documents/Simulation/kicad-11/thirdparty/nanosvg",
					"/Users/tdavie/Documents/Simulation/kicad-11/thirdparty/dxflib_qcad",
					"/Users/tdavie/Documents/Simulation/kicad-11/thirdparty/tinyspline_lib",
					"/Users/tdavie/Documents/Simulation/kicad-11/thirdparty/compoundfilereader",
					"/Users/tdavie/Documents/Simulation/kicad-11/thirdparty/rectpack2d",
					"/Users/tdavie/Documents/Simulation/kicad-11/thirdparty/gzip-hpp",
					"/Users/tdavie/Documents/Simulation/kicad-11/thirdparty/nanoflann",
					"/Users/tdavie/Documents/Simulation/kicad-11/thirdparty/planegcs",
					"/Users/tdavie/Documents/Simulation/kicad-11/pcbnew/pcb_io/altium",
					"/opt/homebrew/include/wx-3.2",
					"/Users/tdavie/Documents/Simulation/kicad-11/thirdparty/3dxware_sdk/inc",
					"/Users/tdavie/Documents/Simulation/kicad-11/thirdparty/3dxware_sdk/inc",
				);
				LIBRARY_SEARCH_PATHS = (
					"$(inherited)",
					"$(BUILT_PRODUCTS_DIR)",
				);
				OTHER_CPLUSPLUSFLAGS = (
					"$(inherited)",
					"-fstandalone-debug",
					"-Wall",
					"-Wsuggest-override",
					"-Winconsistent-missing-override",
					"-Werror=vla",
					"-Wimplicit-fallthrough",
					"-Werror=return-type",
					"-Wshadow",
					"-Wsign-compare",
					"-Wmissing-field-initializers",
					"-Wempty-body",
					"-Wreorder",
					"-Wmismatched-tags",
					"-Wpessimizing-move",
					"-Wredundant-move",
					"-Wno-psabi",
					"-fPIC",
					"-fvisibility=hidden",
					"-fvisibility-inlines-hidden",
					"-ftrivial-auto-var-init=zero",
					"-include",
					"/Users/tdavie/Documents/Simulation/kicad-11/api/../include/import_export.h",
				);
				OTHER_LDFLAGS = (
					"-Wl,-undefined,dynamic_lookup",
					"-llibkicad",
					"/Users/tdavie/Documents/Simulation/kicad-11/build/pcbnew/CMakeFiles/pcbnew_kiface_objects.dir/api/api_handler_pcb.cpp.o",
					"/Users/tdavie/Documents/Simulation/kicad-11/build/pcbnew/CMakeFiles/pcbnew_kiface_objects.dir/api/api_handler_board.cpp.o",
					"/Users/tdavie/Documents/Simulation/kicad-11/build/pcbnew/CMakeFiles/pcbnew_kiface_objects.dir/api/headless_pcb_context.cpp.o",
					"/Users/tdavie/Documents/Simulation/kicad-11/build/pcbnew/CMakeFiles/pcbnew_kiface_objects.dir/api/pcb_context.cpp.o",
					"/Users/tdavie/Documents/Simulation/kicad-11/build/common/libpcbcommon.a",
					"/Users/tdavie/Documents/Simulation/kicad-11/build/libs/kiplatform/libkiplatform.a",
					"/Users/tdavie/Documents/Simulation/kicad-11/build/common/libcommon.a",
					"/Users/tdavie/Documents/Simulation/kicad-11/build/libs/core/libcore.a",
					"-L/opt/homebrew/lib",
					"-framework",
					IOKit,
					"-framework",
					Carbon,
					"-framework",
					Cocoa,
					"-framework",
					QuartzCore,
					"-framework",
					AudioToolbox,
					"-framework",
					System,
					"-framework",
					OpenGL,
					"-lwx_osx_cocoau_gl-3.2",
					"-lwx_osx_cocoau_aui-3.2",
					"-lwx_osx_cocoau_html-3.2",
					"-lwx_osx_cocoau_core-3.2",
					"-lwx_baseu_net-3.2",
					"-lwx_baseu-3.2",
					"-lwx_osx_cocoau_propgrid-3.2",
					"-lwx_baseu_xml-3.2",
					"-lwx_osx_cocoau_stc-3.2",
					"-lwx_osx_cocoau_richtext-3.2",
					"-lwx_osx_cocoau_webview-3.2",
					"/Users/tdavie/Documents/Simulation/kicad-11/build/thirdparty/planegcs/libplanegcs.a",
					/Applications/Xcode.app/Contents/Developer/Platforms/MacOSX.platform/Developer/SDKs/MacOSX.sdk/usr/lib/libz.tbd,
					/opt/homebrew/lib/libTKBinL.dylib,
					/opt/homebrew/lib/libTKBin.dylib,
					/opt/homebrew/lib/libTKBinTObj.dylib,
					/opt/homebrew/lib/libTKBinXCAF.dylib,
					/opt/homebrew/lib/libTKBool.dylib,
					/opt/homebrew/lib/libTKBO.dylib,
					/opt/homebrew/lib/libTKBRep.dylib,
					/opt/homebrew/lib/libTKCAF.dylib,
					/opt/homebrew/lib/libTKCDF.dylib,
					/opt/homebrew/lib/libTKernel.dylib,
					/opt/homebrew/lib/libTKFeat.dylib,
					/opt/homebrew/lib/libTKFillet.dylib,
					/opt/homebrew/lib/libTKG2d.dylib,
					/opt/homebrew/lib/libTKG3d.dylib,
					/opt/homebrew/lib/libTKGeomAlgo.dylib,
					/opt/homebrew/lib/libTKGeomBase.dylib,
					/opt/homebrew/lib/libTKHLR.dylib,
					/opt/homebrew/lib/libTKLCAF.dylib,
					/opt/homebrew/lib/libTKMath.dylib,
					/opt/homebrew/lib/libTKMesh.dylib,
					/opt/homebrew/lib/libTKOffset.dylib,
					/opt/homebrew/lib/libTKPrim.dylib,
					/opt/homebrew/lib/libTKRWMesh.dylib,
					/opt/homebrew/lib/libTKService.dylib,
					/opt/homebrew/lib/libTKShHealing.dylib,
					/opt/homebrew/lib/libTKTObj.dylib,
					/opt/homebrew/lib/libTKTopAlgo.dylib,
					/opt/homebrew/lib/libTKV3d.dylib,
					/opt/homebrew/lib/libTKXCAF.dylib,
					/opt/homebrew/lib/libTKXMesh.dylib,
					/opt/homebrew/lib/libTKXmlL.dylib,
					/opt/homebrew/lib/libTKXml.dylib,
					/opt/homebrew/lib/libTKXmlTObj.dylib,
					/opt/homebrew/lib/libTKXmlXCAF.dylib,
					/opt/homebrew/lib/libTKXSBase.dylib,
					/opt/homebrew/lib/libTKDEIGES.dylib,
					/opt/homebrew/lib/libTKDEGLTF.dylib,
					/opt/homebrew/lib/libTKDESTEP.dylib,
					/opt/homebrew/lib/libTKDESTL.dylib,
					/opt/homebrew/lib/libTKDEVRML.dylib,
					/opt/homebrew/lib/libTKDEPLY.dylib,
					"/Users/tdavie/Documents/Simulation/kicad-11/build/kicad/KiCad.app/Contents/Frameworks/libkigal.10.99.0.dylib",
					"/Users/tdavie/Documents/Simulation/kicad-11/build/kicad/KiCad.app/Contents/Frameworks/libkicommon.10.99.0.dylib",
					"/Users/tdavie/Documents/Simulation/kicad-11/build/kicad/KiCad.app/Contents/Frameworks/libkiapi.10.99.0.dylib",
					/opt/homebrew/lib/libprotobuf.35.1.0.dylib,
					/opt/homebrew/lib/libabsl_log_internal_check_op.2601.0.0.dylib,
					/opt/homebrew/lib/libabsl_die_if_null.2601.0.0.dylib,
					/opt/homebrew/lib/libabsl_log_internal_conditions.2601.0.0.dylib,
					/opt/homebrew/lib/libabsl_log_internal_message.2601.0.0.dylib,
					/opt/homebrew/lib/libabsl_log_internal_nullguard.2601.0.0.dylib,
					/opt/homebrew/lib/libabsl_examine_stack.2601.0.0.dylib,
					/opt/homebrew/lib/libabsl_log_internal_format.2601.0.0.dylib,
					/opt/homebrew/lib/libabsl_log_internal_structured_proto.2601.0.0.dylib,
					/opt/homebrew/lib/libabsl_log_internal_log_sink_set.2601.0.0.dylib,
					/opt/homebrew/lib/libabsl_log_sink.2601.0.0.dylib,
					/opt/homebrew/lib/libabsl_log_entry.2601.0.0.dylib,
					/opt/homebrew/lib/libabsl_log_internal_proto.2601.0.0.dylib,
					/opt/homebrew/lib/libabsl_flags_internal.2601.0.0.dylib,
					/opt/homebrew/lib/libabsl_flags_marshalling.2601.0.0.dylib,
					/opt/homebrew/lib/libabsl_flags_reflection.2601.0.0.dylib,
					/opt/homebrew/lib/libabsl_flags_config.2601.0.0.dylib,
					/opt/homebrew/lib/libabsl_flags_program_name.2601.0.0.dylib,
					/opt/homebrew/lib/libabsl_flags_private_handle_accessor.2601.0.0.dylib,
					/opt/homebrew/lib/libabsl_flags_commandlineflag.2601.0.0.dylib,
					/opt/homebrew/lib/libabsl_flags_commandlineflag_internal.2601.0.0.dylib,
					/opt/homebrew/lib/libabsl_log_initialize.2601.0.0.dylib,
					/opt/homebrew/lib/libabsl_log_internal_globals.2601.0.0.dylib,
					/opt/homebrew/lib/libabsl_log_globals.2601.0.0.dylib,
					/opt/homebrew/lib/libabsl_vlog_config_internal.2601.0.0.dylib,
					/opt/homebrew/lib/libabsl_log_internal_fnmatch.2601.0.0.dylib,
					/opt/homebrew/lib/libabsl_raw_hash_set.2601.0.0.dylib,
					/opt/homebrew/lib/libabsl_hashtablez_sampler.2601.0.0.dylib,
					/opt/homebrew/lib/libabsl_random_distributions.2601.0.0.dylib,
					/opt/homebrew/lib/libabsl_random_seed_sequences.2601.0.0.dylib,
					/opt/homebrew/lib/libabsl_random_internal_entropy_pool.2601.0.0.dylib,
					/opt/homebrew/lib/libabsl_random_internal_randen.2601.0.0.dylib,
					/opt/homebrew/lib/libabsl_random_internal_randen_hwaes.2601.0.0.dylib,
					/opt/homebrew/lib/libabsl_random_internal_randen_hwaes_impl.2601.0.0.dylib,
					/opt/homebrew/lib/libabsl_random_internal_randen_slow.2601.0.0.dylib,
					/opt/homebrew/lib/libabsl_random_internal_platform.2601.0.0.dylib,
					/opt/homebrew/lib/libabsl_random_internal_seed_material.2601.0.0.dylib,
					/opt/homebrew/lib/libabsl_random_seed_gen_exception.2601.0.0.dylib,
					/opt/homebrew/lib/libabsl_statusor.2601.0.0.dylib,
					/opt/homebrew/lib/libabsl_status.2601.0.0.dylib,
					/opt/homebrew/lib/libabsl_cord.2601.0.0.dylib,
					/opt/homebrew/lib/libabsl_cordz_info.2601.0.0.dylib,
					/opt/homebrew/lib/libabsl_cord_internal.2601.0.0.dylib,
					/opt/homebrew/lib/libabsl_cordz_functions.2601.0.0.dylib,
					/opt/homebrew/lib/libabsl_exponential_biased.2601.0.0.dylib,
					/opt/homebrew/lib/libabsl_cordz_handle.2601.0.0.dylib,
					/opt/homebrew/lib/libabsl_crc_cord_state.2601.0.0.dylib,
					/opt/homebrew/lib/libabsl_crc32c.2601.0.0.dylib,
					/opt/homebrew/lib/libabsl_crc_internal.2601.0.0.dylib,
					/opt/homebrew/lib/libabsl_crc_cpu_detect.2601.0.0.dylib,
					/opt/homebrew/lib/libabsl_leak_check.2601.0.0.dylib,
					/opt/homebrew/lib/libabsl_strerror.2601.0.0.dylib,
					/opt/homebrew/lib/libabsl_str_format_internal.2601.0.0.dylib,
					/opt/homebrew/lib/libabsl_synchronization.2601.0.0.dylib,
					/opt/homebrew/lib/libabsl_stacktrace.2601.0.0.dylib,
					/opt/homebrew/lib/libabsl_borrowed_fixup_buffer.2601.0.0.dylib,
					/opt/homebrew/lib/libabsl_hash.2601.0.0.dylib,
					/opt/homebrew/lib/libabsl_city.2601.0.0.dylib,
					/opt/homebrew/lib/libabsl_symbolize.2601.0.0.dylib,
					/opt/homebrew/lib/libabsl_debugging_internal.2601.0.0.dylib,
					/opt/homebrew/lib/libabsl_demangle_internal.2601.0.0.dylib,
					/opt/homebrew/lib/libabsl_demangle_rust.2601.0.0.dylib,
					/opt/homebrew/lib/libabsl_decode_rust_punycode.2601.0.0.dylib,
					/opt/homebrew/lib/libabsl_utf8_for_code_point.2601.0.0.dylib,
					/opt/homebrew/lib/libabsl_graphcycles_internal.2601.0.0.dylib,
					/opt/homebrew/lib/libabsl_kernel_timeout_internal.2601.0.0.dylib,
					/opt/homebrew/lib/libabsl_malloc_internal.2601.0.0.dylib,
					/opt/homebrew/lib/libabsl_tracing_internal.2601.0.0.dylib,
					/opt/homebrew/lib/libabsl_time.2601.0.0.dylib,
					/opt/homebrew/lib/libabsl_civil_time.2601.0.0.dylib,
					/opt/homebrew/lib/libabsl_time_zone.2601.0.0.dylib,
					"-Wl,-framework,CoreFoundation",
					/opt/homebrew/lib/libutf8_validity.35.1.0.dylib,
					/opt/homebrew/lib/libabsl_strings.2601.0.0.dylib,
					/opt/homebrew/lib/libabsl_int128.2601.0.0.dylib,
					/opt/homebrew/lib/libabsl_strings_internal.2601.0.0.dylib,
					/opt/homebrew/lib/libabsl_base.2601.0.0.dylib,
					/opt/homebrew/lib/libabsl_spinlock_wait.2601.0.0.dylib,
					/opt/homebrew/lib/libabsl_throw_delegate.2601.0.0.dylib,
					/opt/homebrew/lib/libabsl_raw_logging_internal.2601.0.0.dylib,
					/opt/homebrew/lib/libabsl_log_severity.2601.0.0.dylib,
					"/Users/tdavie/Documents/Simulation/kicad-11/build/thirdparty/json_schema_validator/libnlohmann_json_schema_validator.a",
					/Applications/Xcode.app/Contents/Developer/Platforms/MacOSX.platform/Developer/SDKs/MacOSX.sdk/usr/lib/libcurl.tbd,
					"/Users/tdavie/Documents/Simulation/kicad-11/build/libs/sexpr/libsexpr.a",
					"/Users/tdavie/Documents/Simulation/kicad-11/build/thirdparty/glad/libglad.a",
					/opt/homebrew/lib/libzstd.dylib,
					/opt/homebrew/Cellar/libgit2/1.9.6/lib/libgit2.dylib,
					/opt/homebrew/Cellar/cairo/1.18.4/lib/libcairo.dylib,
					"/opt/homebrew/Cellar/pixman/0.46.4/lib/libpixman-1.dylib",
					"/Users/tdavie/Documents/Simulation/kicad-11/build/libs/kinng/libkinng.a",
					/opt/homebrew/lib/libnng.dylib,
					"/Users/tdavie/Documents/Simulation/kicad-11/build/thirdparty/fmt/libfmt.a",
					/opt/homebrew/lib/libfreetype.dylib,
					/opt/homebrew/Cellar/harfbuzz/14.3.0/lib/libharfbuzz.dylib,
					/opt/homebrew/lib/libfontconfig.dylib,
					"/Users/tdavie/Documents/Simulation/kicad-11/build/thirdparty/libcontext/liblibcontext.a",
					"/Users/tdavie/Documents/Simulation/kicad-11/build/libs/snap/libsnap.a",
					"/Users/tdavie/Documents/Simulation/kicad-11/build/thirdparty/nanosvg/libnanosvg.a",
					"/Users/tdavie/Documents/Simulation/kicad-11/build/thirdparty/dxflib_qcad/libdxflib_qcad.a",
					"/Users/tdavie/Documents/Simulation/kicad-11/build/thirdparty/tinyspline_lib/libtinyspline_lib.a",
					"/Users/tdavie/Documents/Simulation/kicad-11/build/thirdparty/nanodbc/libnanodbc.a",
					"-lodbc",
					"-L/opt/homebrew/Cellar/unixodbc/2.3.14/lib",
					/opt/homebrew/lib/libboost_locale.dylib,
					/opt/homebrew/lib/libboost_charconv.dylib,
					/opt/homebrew/lib/libboost_thread.dylib,
					/opt/homebrew/lib/libboost_atomic.dylib,
					/opt/homebrew/lib/libboost_chrono.dylib,
					/opt/homebrew/lib/libboost_container.dylib,
					/opt/homebrew/lib/libboost_date_time.dylib,
					"/Users/tdavie/Documents/Simulation/kicad-11/build/thirdparty/delaunator/libdelaunator.a",
					"/Users/tdavie/Documents/Simulation/kicad-11/build/thirdparty/zint/libzint.a",
					"/Users/tdavie/Documents/Simulation/kicad-11/build/libs/kimath/libkimath.a",
					"/Users/tdavie/Documents/Simulation/kicad-11/build/thirdparty/clipper2/libclipper2.a",
					"-lm",
					"-framework",
					AppKit,
					"-framework",
					CoreData,
					"-framework",
					Foundation,
					"-framework",
					PDFKit,
					"-framework",
					WebKit,
					"-framework",
					CFNetwork,
					"-framework",
					CoreFoundation,
					"-framework",
					Security,
					"/Users/tdavie/Documents/Simulation/kicad-11/build/thirdparty/3dxware_sdk/libTDxNavlib.a",
					"-Wl,-rpath,/Users/tdavie/Documents/Simulation/kicad-11/build/kicad/KiCad.app/Contents/Frameworks",
					"-Wl,-rpath,/opt/homebrew/Cellar/libgit2/1.9.6/lib",
					"-Wl,-rpath,/opt/homebrew/Cellar/cairo/1.18.4/lib",
					"-Wl,-rpath,/opt/homebrew/Cellar/pixman/0.46.4/lib",
					"-Wl,-rpath,/opt/homebrew/Cellar/harfbuzz/14.3.0/lib",
					"-Wl,-rpath,/opt/homebrew/Cellar/unixodbc/2.3.14/lib",
				);
				PRODUCT_NAME = "$(TARGET_NAME)";
				SKIP_INSTALL = YES;
				SYSTEM_HEADER_SEARCH_PATHS = (
					/opt/homebrew/include,
					/opt/homebrew/include/cairo,
					"/opt/homebrew/include/pixman-1",
					/Library/Frameworks/Mono.framework/Headers,
					/opt/homebrew/include/freetype2,
					/opt/homebrew/Cellar/harfbuzz/14.3.0/include/harfbuzz,
					/opt/homebrew/opt/opencascade/include/opencascade,
					"/opt/homebrew/lib/wx/include/osx_cocoa-unicode-3.2",
					"/opt/homebrew/include/wx-3.2",
					"/Users/tdavie/Documents/Simulation/kicad-11/thirdparty/nanodbc",
					"/Users/tdavie/Documents/Simulation/kicad-11/thirdparty/eigen",
					"$(inherited)",
				);
			};
			name = Release;
		};
/* End XCBuildConfiguration section */

/* Begin XCConfigurationList section */
		2A93D0CB58D10C728E7CE9F2 /* Build configuration list for PBXNativeTarget "Gerber2EMSStudio" */ = {
			isa = XCConfigurationList;
			buildConfigurations = (
				9DC9E0D3568EB7DF36EC7116 /* Debug */,
				EEA49829DD57398072E0E08B /* Release */,
			);
			defaultConfigurationIsVisible = 0;
			defaultConfigurationName = Release;
		};
		34A1F94838F1003CDA9ED1F2 /* Build configuration list for PBXNativeTarget "libgerber2ems" */ = {
			isa = XCConfigurationList;
			buildConfigurations = (
				CC28A0BE6C7D349F5B768BF0 /* Debug */,
				CB79A2CB4F47AF8A3E194FC4 /* Release */,
			);
			defaultConfigurationIsVisible = 0;
			defaultConfigurationName = Release;
		};
		34B3E31BCC3EA6AFAC9A4F16 /* Build configuration list for PBXNativeTarget "gerber2ems_fdtd_worker" */ = {
			isa = XCConfigurationList;
			buildConfigurations = (
				C674A4B6897CD58CA339D0D9 /* Debug */,
				76CF780F59412846FB761B04 /* Release */,
			);
			defaultConfigurationIsVisible = 0;
			defaultConfigurationName = Release;
		};
		71AD228D30263515006D5847 /* Build configuration list for PBXProject "geber2ems" */ = {
			isa = XCConfigurationList;
			buildConfigurations = (
				71AD229730263516006D5847 /* Debug */,
				71AD229830263516006D5847 /* Release */,
			);
			defaultConfigurationIsVisible = 0;
			defaultConfigurationName = Release;
		};
		71AD229930263516006D5847 /* Build configuration list for PBXNativeTarget "geber2ems" */ = {
			isa = XCConfigurationList;
			buildConfigurations = (
				71AD229A30263516006D5847 /* Debug */,
				71AD229B30263516006D5847 /* Release */,
			);
			defaultConfigurationIsVisible = 0;
			defaultConfigurationName = Release;
		};
		A1979A925EE6A25050650435 /* Build configuration list for PBXNativeTarget "libgerber2ems_smoketest" */ = {
			isa = XCConfigurationList;
			buildConfigurations = (
				5F377DF0AD36807A9154C726 /* Debug */,
				62807348053ECB7AA6437231 /* Release */,
			);
			defaultConfigurationIsVisible = 0;
			defaultConfigurationName = Release;
		};
		B050EDB0D4061B47871B7A91 /* Build configuration list for PBXNativeTarget "libkicad" */ = {
			isa = XCConfigurationList;
			buildConfigurations = (
				6A59402640FC101257497CAC /* Debug */,
				A79FE867634EFFF25821E2AA /* Release */,
			);
			defaultConfigurationIsVisible = 0;
			defaultConfigurationName = Release;
		};
		E96D43EDF887036033933493 /* Build configuration list for PBXNativeTarget "libkicad_smoketest" */ = {
			isa = XCConfigurationList;
			buildConfigurations = (
				B0289571CC81A8F7D6745CC9 /* Debug */,
				F066C43374702408CFB59B5D /* Release */,
			);
			defaultConfigurationIsVisible = 0;
			defaultConfigurationName = Release;
		};
/* End XCConfigurationList section */
	};
	rootObject = 71AD228A30263515006D5847 /* Project object */;
}
