// !$*UTF8*$!
{
	archiveVersion = 1;
	classes = {
	};
	objectVersion = 77;
	objects = {

/* Begin PBXBuildFile section */
		08091C43255C7E607DB3203F /* liblibkiems.a in Frameworks */ = {isa = PBXBuildFile; fileRef = 922BA8FA4CD5D8901DCAC9DA /* liblibkiems.a */; };
		2FBF45CFAE9FD71F5566E5AA /* kiems_fdtd_worker in Embed Helper Tools */ = {isa = PBXBuildFile; fileRef = 1730AB8B76054706EB2AB0BA /* kiems_fdtd_worker */; settings = {ATTRIBUTES = (CodeSignOnCopy, ); }; };
		3094727E7CECFEFF14791831 /* liblibkiems.a in Frameworks */ = {isa = PBXBuildFile; fileRef = 922BA8FA4CD5D8901DCAC9DA /* liblibkiems.a */; };
		3E2C21D20252B9D126B9A44A /* Cocoa.framework in Frameworks */ = {isa = PBXBuildFile; fileRef = CE532C213E2D6E98AA310B22 /* Cocoa.framework */; };
		479136241E9A85AC3E2BFC9B /* RememberRemember.framework in Frameworks */ = {isa = PBXBuildFile; fileRef = DEC747CBEC864D957296A740 /* RememberRemember.framework */; };
		4988C919C7B2E11A4E12652C /* liblibkiems.a in Frameworks */ = {isa = PBXBuildFile; fileRef = 922BA8FA4CD5D8901DCAC9DA /* liblibkiems.a */; };
		4AE99EF823B18E76EBD8A114 /* libCopperUtils.a in Frameworks */ = {isa = PBXBuildFile; fileRef = 5A1B3A51A30B8BD9D7ACED8B /* libCopperUtils.a */; };
		5FEE70EE235A62413F9E6A97 /* Copper.framework in Frameworks */ = {isa = PBXBuildFile; fileRef = 3586812A4F6CE84886F63B2D /* Copper.framework */; };
		601D00000000000000000001 /* liblibkicad.a in Frameworks */ = {isa = PBXBuildFile; fileRef = A2F04DD1DE94C7C82DF16CD5 /* liblibkicad.a */; };
		601D00000000000000000002 /* liblibkicad.a in Frameworks */ = {isa = PBXBuildFile; fileRef = A2F04DD1DE94C7C82DF16CD5 /* liblibkicad.a */; };
		601D00000000000000000004 /* liblibkicad.a in Frameworks */ = {isa = PBXBuildFile; fileRef = A2F04DD1DE94C7C82DF16CD5 /* liblibkicad.a */; };
		601D00000000000000000005 /* liblibkicad.a in Frameworks */ = {isa = PBXBuildFile; fileRef = A2F04DD1DE94C7C82DF16CD5 /* liblibkicad.a */; };
		601D00000000000000000006 /* liblibkicad.a in Frameworks */ = {isa = PBXBuildFile; fileRef = A2F04DD1DE94C7C82DF16CD5 /* liblibkicad.a */; };
		71AD3CEB302FAAD5006D5847 /* Copper.framework in Frameworks */ = {isa = PBXBuildFile; fileRef = 3586812A4F6CE84886F63B2D /* Copper.framework */; };
		71AD3CEC302FAAD5006D5847 /* Copper.framework in Embed Frameworks */ = {isa = PBXBuildFile; fileRef = A6B36F967905F85737C9E377 /* Copper.framework */; settings = {ATTRIBUTES = (CodeSignOnCopy, RemoveHeadersOnCopy, ); }; };
		71B40FE93042E264002796EC /* libCSXCAD.dylib in Frameworks */ = {isa = PBXBuildFile; fileRef = 9691133F7B92BAA7BB234B8C /* libCSXCAD.dylib */; };
		71B40FEA3042E2B5002796EC /* libCSXCAD.dylib in Frameworks */ = {isa = PBXBuildFile; fileRef = 9691133F7B92BAA7BB234B8C /* libCSXCAD.dylib */; };
		7E57CB0000000000000000C5 /* libCSXCAD.dylib in Frameworks */ = {isa = PBXBuildFile; fileRef = 9691133F7B92BAA7BB234B8C /* libCSXCAD.dylib */; };
		8979779CA20D12908A2A7A0E /* Copper.framework in Frameworks */ = {isa = PBXBuildFile; fileRef = 3586812A4F6CE84886F63B2D /* Copper.framework */; };
		9F7176CC53A1D83D4A04FA8F /* liblibkiems.a in Frameworks */ = {isa = PBXBuildFile; fileRef = 922BA8FA4CD5D8901DCAC9DA /* liblibkiems.a */; };
		ACCE1E0000000000000001 /* Accelerate.framework in Frameworks */ = {isa = PBXBuildFile; fileRef = 71B40FE73042E24F002796EC /* Accelerate.framework */; };
		ACCE1E0000000000000002 /* Accelerate.framework in Frameworks */ = {isa = PBXBuildFile; fileRef = 71B40FE73042E24F002796EC /* Accelerate.framework */; };
		ACCE1E0000000000000004 /* Accelerate.framework in Frameworks */ = {isa = PBXBuildFile; fileRef = 71B40FE73042E24F002796EC /* Accelerate.framework */; };
		ACCE1E0000000000000005 /* Accelerate.framework in Frameworks */ = {isa = PBXBuildFile; fileRef = 71B40FE73042E24F002796EC /* Accelerate.framework */; };
		ACCE1E0000000000000006 /* Accelerate.framework in Frameworks */ = {isa = PBXBuildFile; fileRef = 71B40FE73042E24F002796EC /* Accelerate.framework */; };
		AFE0650978A3B78F40AECAFE /* libCopperUtils.a in Frameworks */ = {isa = PBXBuildFile; fileRef = 5A1B3A51A30B8BD9D7ACED8B /* libCopperUtils.a */; };
		B94544214896E97AAFF83219 /* libCopperUtils.a in Frameworks */ = {isa = PBXBuildFile; fileRef = 5A1B3A51A30B8BD9D7ACED8B /* libCopperUtils.a */; };
		C0A71A000000000000000001 /* libCopperUtils.a in Frameworks */ = {isa = PBXBuildFile; fileRef = 5A1B3A51A30B8BD9D7ACED8B /* libCopperUtils.a */; };
		C0A71A000000000000000017 /* libCSXCAD.dylib in Frameworks */ = {isa = PBXBuildFile; fileRef = 9691133F7B92BAA7BB234B8C /* libCSXCAD.dylib */; };
		C0FFEE0000000000000005 /* libCSXCAD.dylib in Frameworks */ = {isa = PBXBuildFile; fileRef = 9691133F7B92BAA7BB234B8C /* libCSXCAD.dylib */; };
		C0FFEE0000000000000006 /* Copper.framework in Frameworks */ = {isa = PBXBuildFile; fileRef = 3586812A4F6CE84886F63B2D /* Copper.framework */; };
		C86C58945CE1F4EA2E769FFE /* libCopperUtils.a in Frameworks */ = {isa = PBXBuildFile; fileRef = 5A1B3A51A30B8BD9D7ACED8B /* libCopperUtils.a */; };
		E225E6C98F3F2C0B194070BD /* liblibkiems.a in Frameworks */ = {isa = PBXBuildFile; fileRef = 922BA8FA4CD5D8901DCAC9DA /* liblibkiems.a */; };
		FC1671EFEBFEF5FCCCA74E90 /* RememberRemember.framework in Embed Frameworks */ = {isa = PBXBuildFile; fileRef = DEC747CBEC864D957296A740 /* RememberRemember.framework */; settings = {ATTRIBUTES = (CodeSignOnCopy, RemoveHeadersOnCopy, ); }; };
/* End PBXBuildFile section */

/* Begin PBXContainerItemProxy section */
		007D8375C125B81D6D221515 /* PBXContainerItemProxy */ = {
			isa = PBXContainerItemProxy;
			containerPortal = 7A75E68FFCE0FE7A89A86020 /* Copper.xcodeproj */;
			proxyType = 1;
			remoteGlobalIDString = 436BD46808618ED0B9E3983D;
			remoteInfo = CSXCAD;
		};
		060962107DC3EB4AADA58298 /* PBXContainerItemProxy */ = {
			isa = PBXContainerItemProxy;
			containerPortal = 7A75E68FFCE0FE7A89A86020 /* Copper.xcodeproj */;
			proxyType = 1;
			remoteGlobalIDString = 436BD46808618ED0B9E3983D;
			remoteInfo = CSXCAD;
		};
		0E8B743A5387CB66D48AB885 /* PBXContainerItemProxy */ = {
			isa = PBXContainerItemProxy;
			containerPortal = 7A75E68FFCE0FE7A89A86020 /* Copper.xcodeproj */;
			proxyType = 1;
			remoteGlobalIDString = 436BD46808618ED0B9E3983D;
			remoteInfo = CSXCAD;
		};
		14DCC5F4016711E0456B25CC /* PBXContainerItemProxy */ = {
			isa = PBXContainerItemProxy;
			containerPortal = 7A75E68FFCE0FE7A89A86020 /* Copper.xcodeproj */;
			proxyType = 2;
			remoteGlobalIDString = D91EC4B2021EEA20F36C13E8;
			remoteInfo = Copper;
		};
		1540871D4E58EBEB434F4E6A /* PBXContainerItemProxy */ = {
			isa = PBXContainerItemProxy;
			containerPortal = 71AD228A30263515006D5847 /* Project object */;
			proxyType = 1;
			remoteGlobalIDString = 5034717F4A638C8CC653DE57;
			remoteInfo = kiems_fdtd_worker;
		};
		16B903F6A5DB7DA98E5CB875 /* PBXContainerItemProxy */ = {
			isa = PBXContainerItemProxy;
			containerPortal = 7A75E68FFCE0FE7A89A86020 /* Copper.xcodeproj */;
			proxyType = 1;
			remoteGlobalIDString = 4A8AA87DCFAFA02E03A63665;
			remoteInfo = CopperUtils;
		};
		2B6AC32E5A944169FDB85409 /* PBXContainerItemProxy */ = {
			isa = PBXContainerItemProxy;
			containerPortal = 71AD228A30263515006D5847 /* Project object */;
			proxyType = 1;
			remoteGlobalIDString = 0E08621C93A1CC737D3F6A93;
			remoteInfo = libkiems;
		};
		4A26F5AB0BDDD56E51069B55 /* PBXContainerItemProxy */ = {
			isa = PBXContainerItemProxy;
			containerPortal = 52E3E30000000000000000A001 /* RememberRemember.xcodeproj */;
			proxyType = 1;
			remoteGlobalIDString = 52E3E3000000000000000010;
			remoteInfo = RememberRemember;
		};
		4C1CAD000000000000010003 /* PBXContainerItemProxy */ = {
			isa = PBXContainerItemProxy;
			containerPortal = 4C1CAD000000000000010001 /* libkicad.xcodeproj */;
			proxyType = 2;
			remoteGlobalIDString = 4C1CAD00000000000000000C;
			remoteInfo = libkicad;
		};
		68230F1D42F0B9E29C659103 /* PBXContainerItemProxy */ = {
			isa = PBXContainerItemProxy;
			containerPortal = 71AD228A30263515006D5847 /* Project object */;
			proxyType = 1;
			remoteGlobalIDString = 0E08621C93A1CC737D3F6A93;
			remoteInfo = libkiems;
		};
		756FF2D951AC08F5055E1EF7 /* PBXContainerItemProxy */ = {
			isa = PBXContainerItemProxy;
			containerPortal = 7A75E68FFCE0FE7A89A86020 /* Copper.xcodeproj */;
			proxyType = 1;
			remoteGlobalIDString = 3818463DDAC498C89C93C21E;
			remoteInfo = Copper;
		};
		7E57CB0000000000000000C7 /* PBXContainerItemProxy */ = {
			isa = PBXContainerItemProxy;
			containerPortal = 4C1CAD000000000000010001 /* libkicad.xcodeproj */;
			proxyType = 1;
			remoteGlobalIDString = 4C1CAD00000000000000000B;
			remoteInfo = libkicad;
		};
		A815D2EB8136A72115FB280A /* PBXContainerItemProxy */ = {
			isa = PBXContainerItemProxy;
			containerPortal = 7A75E68FFCE0FE7A89A86020 /* Copper.xcodeproj */;
			proxyType = 1;
			remoteGlobalIDString = 3818463DDAC498C89C93C21E;
			remoteInfo = Copper;
		};
		BA30C0C289CFA4DD40B51E05 /* PBXContainerItemProxy */ = {
			isa = PBXContainerItemProxy;
			containerPortal = 7A75E68FFCE0FE7A89A86020 /* Copper.xcodeproj */;
			proxyType = 2;
			remoteGlobalIDString = 3B5FA5D05688308C3CEF94DD;
			remoteInfo = CSXCAD;
		};
		BACB4CAE18E04FC816AC3BC0 /* PBXContainerItemProxy */ = {
			isa = PBXContainerItemProxy;
			containerPortal = 71AD228A30263515006D5847 /* Project object */;
			proxyType = 1;
			remoteGlobalIDString = 0E08621C93A1CC737D3F6A93;
			remoteInfo = libkiems;
		};
		D56C45F6411D0E5C8C32B009 /* PBXContainerItemProxy */ = {
			isa = PBXContainerItemProxy;
			containerPortal = 71AD228A30263515006D5847 /* Project object */;
			proxyType = 1;
			remoteGlobalIDString = 0E08621C93A1CC737D3F6A93;
			remoteInfo = libkiems;
		};
		DC2E96BB1678BE9D5FFB4642 /* PBXContainerItemProxy */ = {
			isa = PBXContainerItemProxy;
			containerPortal = 7A75E68FFCE0FE7A89A86020 /* Copper.xcodeproj */;
			proxyType = 1;
			remoteGlobalIDString = 436BD46808618ED0B9E3983D;
			remoteInfo = CSXCAD;
		};
		DCDFA8463291E1E0062D213E /* PBXContainerItemProxy */ = {
			isa = PBXContainerItemProxy;
			containerPortal = 7A75E68FFCE0FE7A89A86020 /* Copper.xcodeproj */;
			proxyType = 1;
			remoteGlobalIDString = 4A8AA87DCFAFA02E03A63665;
			remoteInfo = CopperUtils;
		};
		E7C02C80F3825C9A77C34060 /* PBXContainerItemProxy */ = {
			isa = PBXContainerItemProxy;
			containerPortal = 7A75E68FFCE0FE7A89A86020 /* Copper.xcodeproj */;
			proxyType = 2;
			remoteGlobalIDString = A5DD6DF8EC200E1F05E36A53;
			remoteInfo = CopperUtils;
		};
		EC33F1046180295128137B8F /* PBXContainerItemProxy */ = {
			isa = PBXContainerItemProxy;
			containerPortal = 7A75E68FFCE0FE7A89A86020 /* Copper.xcodeproj */;
			proxyType = 1;
			remoteGlobalIDString = 3818463DDAC498C89C93C21E;
			remoteInfo = Copper;
		};
		F90E814A552714159096AAF7 /* PBXContainerItemProxy */ = {
			isa = PBXContainerItemProxy;
			containerPortal = 71AD228A30263515006D5847 /* Project object */;
			proxyType = 1;
			remoteGlobalIDString = 0E08621C93A1CC737D3F6A93;
			remoteInfo = libkiems;
		};
		F98F154BAFB3A1E2173C9EAB /* PBXContainerItemProxy */ = {
			isa = PBXContainerItemProxy;
			containerPortal = 7A75E68FFCE0FE7A89A86020 /* Copper.xcodeproj */;
			proxyType = 1;
			remoteGlobalIDString = 436BD46808618ED0B9E3983D;
			remoteInfo = CSXCAD;
		};
		FB3E7D79A17C02CC7D3E52A5 /* PBXContainerItemProxy */ = {
			isa = PBXContainerItemProxy;
			containerPortal = 7A75E68FFCE0FE7A89A86020 /* Copper.xcodeproj */;
			proxyType = 1;
			remoteGlobalIDString = 3818463DDAC498C89C93C21E;
			remoteInfo = Copper;
		};
		52E3E30000000000000000A003 /* PBXContainerItemProxy */ = {
			isa = PBXContainerItemProxy;
			containerPortal = 52E3E30000000000000000A001 /* RememberRemember.xcodeproj */;
			proxyType = 2;
			remoteGlobalIDString = 52E3E3000000000000000003;
			remoteInfo = RememberRemember;
		};
/* End PBXContainerItemProxy section */

/* Begin PBXCopyFilesBuildPhase section */
		4EA49CEE0296035538A93916 /* Embed Helper Tools */ = {
			isa = PBXCopyFilesBuildPhase;
			buildActionMask = 2147483647;
			dstPath = "";
			dstSubfolderSpec = 6;
			files = (
				2FBF45CFAE9FD71F5566E5AA /* kiems_fdtd_worker in Embed Helper Tools */,
			);
			name = "Embed Helper Tools";
			runOnlyForDeploymentPostprocessing = 0;
		};
		71AD229030263515006D5847 /* CopyFiles */ = {
			isa = PBXCopyFilesBuildPhase;
			buildActionMask = 2147483647;
			dstPath = /usr/share/man/man1/;
			dstSubfolderSpec = 0;
			files = (
			);
			runOnlyForDeploymentPostprocessing = 1;
		};
		F585E6E5DED45F393177F068 /* Embed Frameworks */ = {
			isa = PBXCopyFilesBuildPhase;
			buildActionMask = 2147483647;
			dstPath = "";
			dstSubfolderSpec = 10;
			files = (
				FC1671EFEBFEF5FCCCA74E90 /* RememberRemember.framework in Embed Frameworks */,
				71AD3CEC302FAAD5006D5847 /* Copper.framework in Embed Frameworks */,
			);
			name = "Embed Frameworks";
			runOnlyForDeploymentPostprocessing = 0;
		};
/* End PBXCopyFilesBuildPhase section */

/* Begin PBXFileReference section */
		1730AB8B76054706EB2AB0BA /* kiems_fdtd_worker */ = {isa = PBXFileReference; explicitFileType = "compiled.mach-o.executable"; includeInIndex = 0; path = kiems_fdtd_worker; sourceTree = BUILT_PRODUCTS_DIR; };
		27FC500F5EC82E42F046FEF3 /* libkiems_tests.xctest */ = {isa = PBXFileReference; explicitFileType = wrapper.cfbundle; includeInIndex = 0; path = libkiems_tests.xctest; sourceTree = BUILT_PRODUCTS_DIR; };
		47611C745FA02E5BA7871B3D /* copper_fdtd_worker */ = {isa = PBXFileReference; explicitFileType = "compiled.mach-o.executable"; includeInIndex = 0; path = copper_fdtd_worker; sourceTree = BUILT_PRODUCTS_DIR; };
		4C1CAD000000000000010001 /* libkicad.xcodeproj */ = {isa = PBXFileReference; lastKnownFileType = "wrapper.pb-project"; name = libkicad.xcodeproj; path = submodules/libkicad/libkicad.xcodeproj; sourceTree = SOURCE_ROOT; };
		5653046AD79D4C9071AF237F /* KiEMS.app */ = {isa = PBXFileReference; explicitFileType = wrapper.application; includeInIndex = 0; path = KiEMS.app; sourceTree = BUILT_PRODUCTS_DIR; };
		601D10000000000000000000 /* Config/BuildPaths.xcconfig */ = {isa = PBXFileReference; lastKnownFileType = text.xcconfig; path = Config/BuildPaths.xcconfig; sourceTree = SOURCE_ROOT; };
		601D10000000000000000001 /* Config/KiCadLink.xcconfig */ = {isa = PBXFileReference; lastKnownFileType = text.xcconfig; path = Config/KiCadLink.xcconfig; sourceTree = SOURCE_ROOT; };
		71744B7130756FF300E0D2D5 /* Breakpad.xcodeproj */ = {isa = PBXFileReference; lastKnownFileType = "wrapper.pb-project"; path = Breakpad.xcodeproj; sourceTree = "<group>"; };
		71744BD830756FF300E0D2D5 /* minidump_test.xcodeproj */ = {isa = PBXFileReference; lastKnownFileType = "wrapper.pb-project"; path = minidump_test.xcodeproj; sourceTree = "<group>"; };
		71744C1930756FF300E0D2D5 /* Breakpad.xcodeproj */ = {isa = PBXFileReference; lastKnownFileType = "wrapper.pb-project"; path = Breakpad.xcodeproj; sourceTree = "<group>"; };
		717473B03075705F00E0D2D5 /* libkicad.xcodeproj */ = {isa = PBXFileReference; lastKnownFileType = "wrapper.pb-project"; path = libkicad.xcodeproj; sourceTree = "<group>"; };
		717483B83075760400E0D2D5 /* RememberRemember.xcodeproj */ = {isa = PBXFileReference; lastKnownFileType = "wrapper.pb-project"; path = RememberRemember.xcodeproj; sourceTree = "<group>"; };
		71AD229230263516006D5847 /* kiems */ = {isa = PBXFileReference; explicitFileType = "compiled.mach-o.executable"; includeInIndex = 0; path = kiems; sourceTree = BUILT_PRODUCTS_DIR; };
		71B40FE53042E223002796EC /* Metal.framework */ = {isa = PBXFileReference; lastKnownFileType = wrapper.framework; name = Metal.framework; path = System/Library/Frameworks/Metal.framework; sourceTree = SDKROOT; };
		71B40FE73042E24F002796EC /* Accelerate.framework */ = {isa = PBXFileReference; lastKnownFileType = wrapper.framework; name = Accelerate.framework; path = System/Library/Frameworks/Accelerate.framework; sourceTree = SDKROOT; };
		7A75E68FFCE0FE7A89A86020 /* Copper.xcodeproj */ = {isa = PBXFileReference; lastKnownFileType = "wrapper.pb-project"; name = Copper.xcodeproj; path = submodules/Copper/Copper.xcodeproj; sourceTree = SOURCE_ROOT; };
		922BA8FA4CD5D8901DCAC9DA /* liblibkiems.a */ = {isa = PBXFileReference; explicitFileType = archive.ar; includeInIndex = 0; path = liblibkiems.a; sourceTree = BUILT_PRODUCTS_DIR; };
		A6B36F967905F85737C9E377 /* Copper.framework */ = {isa = PBXFileReference; explicitFileType = wrapper.framework; includeInIndex = 0; path = Copper.framework; sourceTree = BUILT_PRODUCTS_DIR; };
		CE532C213E2D6E98AA310B22 /* Cocoa.framework */ = {isa = PBXFileReference; lastKnownFileType = wrapper.framework; name = Cocoa.framework; path = Platforms/MacOSX.platform/Developer/SDKs/MacOSX26.0.sdk/System/Library/Frameworks/Cocoa.framework; sourceTree = DEVELOPER_DIR; };
		DEC747CBEC864D957296A740 /* RememberRemember.framework */ = {isa = PBXFileReference; explicitFileType = wrapper.framework; includeInIndex = 0; path = RememberRemember.framework; sourceTree = BUILT_PRODUCTS_DIR; };
		52E3E30000000000000000A001 /* RememberRemember.xcodeproj */ = {isa = PBXFileReference; lastKnownFileType = "wrapper.pb-project"; name = RememberRemember.xcodeproj; path = submodules/RememberRemember/RememberRemember.xcodeproj; sourceTree = SOURCE_ROOT; };
/* End PBXFileReference section */

/* Begin PBXFileSystemSynchronizedRootGroup section */
		006F3A1386AFF2AD46CD89E4 /* libkiems */ = {
			isa = PBXFileSystemSynchronizedRootGroup;
			path = libkiems;
			sourceTree = "<group>";
		};
		71AD229430263516006D5847 /* kiems-cli */ = {
			isa = PBXFileSystemSynchronizedRootGroup;
			path = "kiems-cli";
			sourceTree = "<group>";
		};
		8290469707C87811FFCE548F /* kiems_fdtd_worker */ = {
			isa = PBXFileSystemSynchronizedRootGroup;
			path = kiems_fdtd_worker;
			sourceTree = "<group>";
		};
		87EBBDF2469E60AF87C97EB2 /* libkiems_tests */ = {
			isa = PBXFileSystemSynchronizedRootGroup;
			path = libkiems_tests;
			sourceTree = "<group>";
		};
		B7D891E5D67D73D341733A71 /* KiEMS */ = {
			isa = PBXFileSystemSynchronizedRootGroup;
			path = KiEMS;
			sourceTree = "<group>";
		};
		E331D08A3BF5F110095DBF0C /* copper_fdtd_worker */ = {
			isa = PBXFileSystemSynchronizedRootGroup;
			path = copper_fdtd_worker;
			sourceTree = "<group>";
		};
/* End PBXFileSystemSynchronizedRootGroup section */

/* Begin PBXFrameworksBuildPhase section */
		1E04FB4313433E3400D82F30 /* Frameworks */ = {
			isa = PBXFrameworksBuildPhase;
			buildActionMask = 2147483647;
			files = (
				9F7176CC53A1D83D4A04FA8F /* liblibkiems.a in Frameworks */,
				601D00000000000000000001 /* liblibkicad.a in Frameworks */,
				ACCE1E0000000000000001 /* Accelerate.framework in Frameworks */,
				7E57CB0000000000000000C5 /* libCSXCAD.dylib in Frameworks */,
				AFE0650978A3B78F40AECAFE /* libCopperUtils.a in Frameworks */,
			);
			runOnlyForDeploymentPostprocessing = 0;
		};
		47D0366908946873BADB59D9 /* Frameworks */ = {
			isa = PBXFrameworksBuildPhase;
			buildActionMask = 2147483647;
			files = (
			);
			runOnlyForDeploymentPostprocessing = 0;
		};
		626F031D915714BD531C01FA /* Frameworks */ = {
			isa = PBXFrameworksBuildPhase;
			buildActionMask = 2147483647;
			files = (
				71B40FE93042E264002796EC /* libCSXCAD.dylib in Frameworks */,
				479136241E9A85AC3E2BFC9B /* RememberRemember.framework in Frameworks */,
				71AD3CEB302FAAD5006D5847 /* Copper.framework in Frameworks */,
				C0A71A000000000000000001 /* libCopperUtils.a in Frameworks */,
				4988C919C7B2E11A4E12652C /* liblibkiems.a in Frameworks */,
				601D00000000000000000002 /* liblibkicad.a in Frameworks */,
				ACCE1E0000000000000002 /* Accelerate.framework in Frameworks */,
			);
			runOnlyForDeploymentPostprocessing = 0;
		};
		71AD228F30263515006D5847 /* Frameworks */ = {
			isa = PBXFrameworksBuildPhase;
			buildActionMask = 2147483647;
			files = (
				8979779CA20D12908A2A7A0E /* Copper.framework in Frameworks */,
				E225E6C98F3F2C0B194070BD /* liblibkiems.a in Frameworks */,
				601D00000000000000000004 /* liblibkicad.a in Frameworks */,
				C0A71A000000000000000017 /* libCSXCAD.dylib in Frameworks */,
				ACCE1E0000000000000004 /* Accelerate.framework in Frameworks */,
				4AE99EF823B18E76EBD8A114 /* libCopperUtils.a in Frameworks */,
			);
			runOnlyForDeploymentPostprocessing = 0;
		};
		945E3586B3A2D0D928F0F7AC /* Frameworks */ = {
			isa = PBXFrameworksBuildPhase;
			buildActionMask = 2147483647;
			files = (
				71B40FEA3042E2B5002796EC /* libCSXCAD.dylib in Frameworks */,
				3094727E7CECFEFF14791831 /* liblibkiems.a in Frameworks */,
				601D00000000000000000005 /* liblibkicad.a in Frameworks */,
				ACCE1E0000000000000005 /* Accelerate.framework in Frameworks */,
				C0FFEE0000000000000006 /* Copper.framework in Frameworks */,
				C86C58945CE1F4EA2E769FFE /* libCopperUtils.a in Frameworks */,
			);
			runOnlyForDeploymentPostprocessing = 0;
		};
		D4544132277BC95BC209FE23 /* Frameworks */ = {
			isa = PBXFrameworksBuildPhase;
			buildActionMask = 2147483647;
			files = (
				3E2C21D20252B9D126B9A44A /* Cocoa.framework in Frameworks */,
				5FEE70EE235A62413F9E6A97 /* Copper.framework in Frameworks */,
				08091C43255C7E607DB3203F /* liblibkiems.a in Frameworks */,
				601D00000000000000000006 /* liblibkicad.a in Frameworks */,
				ACCE1E0000000000000006 /* Accelerate.framework in Frameworks */,
				C0FFEE0000000000000005 /* libCSXCAD.dylib in Frameworks */,
				B94544214896E97AAFF83219 /* libCopperUtils.a in Frameworks */,
			);
			runOnlyForDeploymentPostprocessing = 0;
		};
/* End PBXFrameworksBuildPhase section */

/* Begin PBXGroup section */
		1EE1AA4E4B875016D92740A9 /* Products */ = {
			isa = PBXGroup;
			children = (
				5A1B3A51A30B8BD9D7ACED8B /* libCopperUtils.a */,
				9691133F7B92BAA7BB234B8C /* libCSXCAD.dylib */,
				3586812A4F6CE84886F63B2D /* Copper.framework */,
			);
			name = Products;
			sourceTree = "<group>";
		};
		4C1CAD000000000000010002 /* Products */ = {
			isa = PBXGroup;
			children = (
				A2F04DD1DE94C7C82DF16CD5 /* liblibkicad.a */,
			);
			name = Products;
			sourceTree = "<group>";
		};
		7174577230756FF300E0D2D5 /* Products */ = {
			isa = PBXGroup;
			children = (
			);
			name = Products;
			sourceTree = "<group>";
		};
		7174577430756FF300E0D2D5 /* Products */ = {
			isa = PBXGroup;
			children = (
			);
			name = Products;
			sourceTree = "<group>";
		};
		7174577630756FF300E0D2D5 /* Products */ = {
			isa = PBXGroup;
			children = (
			);
			name = Products;
			sourceTree = "<group>";
		};
		717473B13075705F00E0D2D5 /* Products */ = {
			isa = PBXGroup;
			children = (
			);
			name = Products;
			sourceTree = "<group>";
		};
		717483B93075760400E0D2D5 /* Products */ = {
			isa = PBXGroup;
			name = Products;
			sourceTree = "<group>";
		};
		71AD228930263515006D5847 = {
			isa = PBXGroup;
			children = (
				601D10000000000000000000 /* Config/BuildPaths.xcconfig */,
				601D10000000000000000001 /* Config/KiCadLink.xcconfig */,
				B7D891E5D67D73D341733A71 /* KiEMS */,
				71AD229430263516006D5847 /* kiems-cli */,
				8290469707C87811FFCE548F /* kiems_fdtd_worker */,
				006F3A1386AFF2AD46CD89E4 /* libkiems */,
				87EBBDF2469E60AF87C97EB2 /* libkiems_tests */,
				71AD229330263516006D5847 /* Products */,
				77AE1A0D84F974CC1EDDD9F6 /* Frameworks */,
				E331D08A3BF5F110095DBF0C /* copper_fdtd_worker */,
				7A75E68FFCE0FE7A89A86020 /* Copper.xcodeproj */,
				4C1CAD000000000000010001 /* libkicad.xcodeproj */,
				52E3E30000000000000000A001 /* RememberRemember.xcodeproj */,
			);
			sourceTree = "<group>";
		};
		71AD229330263516006D5847 /* Products */ = {
			isa = PBXGroup;
			children = (
				5653046AD79D4C9071AF237F /* KiEMS.app */,
				71AD229230263516006D5847 /* kiems */,
				922BA8FA4CD5D8901DCAC9DA /* liblibkiems.a */,
				1730AB8B76054706EB2AB0BA /* kiems_fdtd_worker */,
				DEC747CBEC864D957296A740 /* RememberRemember.framework */,
				47611C745FA02E5BA7871B3D /* copper_fdtd_worker */,
				27FC500F5EC82E42F046FEF3 /* libkiems_tests.xctest */,
			);
			name = Products;
			sourceTree = "<group>";
		};
		77AE1A0D84F974CC1EDDD9F6 /* Frameworks */ = {
			isa = PBXGroup;
			children = (
				71B40FE73042E24F002796EC /* Accelerate.framework */,
				71B40FE53042E223002796EC /* Metal.framework */,
				E45C2AB06E543A05FCB6DCC8 /* OS X */,
				A6B36F967905F85737C9E377 /* Copper.framework */,
			);
			name = Frameworks;
			sourceTree = "<group>";
		};
		E45C2AB06E543A05FCB6DCC8 /* OS X */ = {
			isa = PBXGroup;
			children = (
				CE532C213E2D6E98AA310B22 /* Cocoa.framework */,
			);
			name = "OS X";
			sourceTree = "<group>";
		};
		52E3E30000000000000000A002 /* Products */ = {
			isa = PBXGroup;
			children = (
				52E3E30000000000000000A004 /* RememberRemember.framework */,
			);
			name = Products;
			sourceTree = "<group>";
		};
/* End PBXGroup section */

/* Begin PBXNativeTarget section */
		0E08621C93A1CC737D3F6A93 /* libkiems */ = {
			isa = PBXNativeTarget;
			buildConfigurationList = 34A1F94838F1003CDA9ED1F2 /* Build configuration list for PBXNativeTarget "libkiems" */;
			buildPhases = (
				24C0C7D84B42BCB562805074 /* Sources */,
				47D0366908946873BADB59D9 /* Frameworks */,
			);
			buildRules = (
			);
			dependencies = (
				BBF9A7240A6582D732DEA5F0 /* PBXTargetDependency */,
				9488C1F2872DDC29651237CD /* PBXTargetDependency */,
			);
			fileSystemSynchronizedGroups = (
				006F3A1386AFF2AD46CD89E4 /* libkiems */,
			);
			name = libkiems;
			productName = libkiems;
			productReference = 922BA8FA4CD5D8901DCAC9DA /* liblibkiems.a */;
			productType = "com.apple.product-type.library.static";
		};
		2971163407AC90FC988D853B /* KiEMS */ = {
			isa = PBXNativeTarget;
			buildConfigurationList = 2A93D0CB58D10C728E7CE9F2 /* Build configuration list for PBXNativeTarget "KiEMS" */;
			buildPhases = (
				0A4BFFE015AA0DAC88C73F59 /* Sources */,
				626F031D915714BD531C01FA /* Frameworks */,
				4EA49CEE0296035538A93916 /* Embed Helper Tools */,
				F585E6E5DED45F393177F068 /* Embed Frameworks */,
			);
			buildRules = (
			);
			dependencies = (
				0E303C6421A10D82B635ADEB /* PBXTargetDependency */,
				EDFF827E7F22C9DA08D011AC /* PBXTargetDependency */,
				585312645C254E539E00095D /* PBXTargetDependency */,
				1D8A8E430A62C6E1B2D288CB /* PBXTargetDependency */,
				BB732F6D1BE34EB63B370480 /* PBXTargetDependency */,
				5C43EB69E93D41688CC4B2E5 /* PBXTargetDependency */,
			);
			fileSystemSynchronizedGroups = (
				B7D891E5D67D73D341733A71 /* KiEMS */,
			);
			name = KiEMS;
			productName = KiEMS;
			productReference = 5653046AD79D4C9071AF237F /* KiEMS.app */;
			productType = "com.apple.product-type.application";
		};
		3B7712DA527497624F2DFB43 /* copper_fdtd_worker */ = {
			isa = PBXNativeTarget;
			buildConfigurationList = 01510616A2540A2EA37CB56A /* Build configuration list for PBXNativeTarget "copper_fdtd_worker" */;
			buildPhases = (
				482BAB6A7C580D0546DBA899 /* Sources */,
				D4544132277BC95BC209FE23 /* Frameworks */,
			);
			buildRules = (
			);
			dependencies = (
				932AF7FD89493397A9367F15 /* PBXTargetDependency */,
				9797BE39AE1FAFB1D500AF6B /* PBXTargetDependency */,
				063881E7B4FE5FE37B2B3A2A /* PBXTargetDependency */,
			);
			fileSystemSynchronizedGroups = (
				E331D08A3BF5F110095DBF0C /* copper_fdtd_worker */,
			);
			name = copper_fdtd_worker;
			productName = copper_fdtd_worker;
			productReference = 47611C745FA02E5BA7871B3D /* copper_fdtd_worker */;
			productType = "com.apple.product-type.tool";
		};
		5034717F4A638C8CC653DE57 /* kiems_fdtd_worker */ = {
			isa = PBXNativeTarget;
			buildConfigurationList = 34B3E31BCC3EA6AFAC9A4F16 /* Build configuration list for PBXNativeTarget "kiems_fdtd_worker" */;
			buildPhases = (
				EB32E30B8D408F92256E1749 /* Sources */,
				945E3586B3A2D0D928F0F7AC /* Frameworks */,
			);
			buildRules = (
			);
			dependencies = (
				3C409D0A5C4DBB5CF700353B /* PBXTargetDependency */,
				B43CBBC55485E3D5DEF4FD4C /* PBXTargetDependency */,
				A1115760FE99C8290A2B7CAD /* PBXTargetDependency */,
			);
			fileSystemSynchronizedGroups = (
				8290469707C87811FFCE548F /* kiems_fdtd_worker */,
			);
			name = kiems_fdtd_worker;
			productName = kiems_fdtd_worker;
			productReference = 1730AB8B76054706EB2AB0BA /* kiems_fdtd_worker */;
			productType = "com.apple.product-type.tool";
		};
		71AD229130263515006D5847 /* kiems-cli */ = {
			isa = PBXNativeTarget;
			buildConfigurationList = 71AD229930263516006D5847 /* Build configuration list for PBXNativeTarget "kiems-cli" */;
			buildPhases = (
				71AD228E30263515006D5847 /* Sources */,
				71AD228F30263515006D5847 /* Frameworks */,
				71AD229030263515006D5847 /* CopyFiles */,
			);
			buildRules = (
			);
			dependencies = (
				C3F4DC29303EF0123F35E8D7 /* PBXTargetDependency */,
				DFF95C78A7D193B940D0E0B0 /* PBXTargetDependency */,
				8ABC3E8814A693FEEF5A531C /* PBXTargetDependency */,
			);
			fileSystemSynchronizedGroups = (
				71AD229430263516006D5847 /* kiems-cli */,
			);
			name = "kiems-cli";
			productName = kiems;
			productReference = 71AD229230263516006D5847 /* kiems */;
			productType = "com.apple.product-type.tool";
		};
		8D5AE14D1127587CA08C54F7 /* libkiems_tests */ = {
			isa = PBXNativeTarget;
			buildConfigurationList = D93F80F7B0ECDEEE962ED5A1 /* Build configuration list for PBXNativeTarget "libkiems_tests" */;
			buildPhases = (
				40070DE6B51561CC79C58E52 /* Sources */,
				1E04FB4313433E3400D82F30 /* Frameworks */,
			);
			buildRules = (
			);
			dependencies = (
				EA0A86660359852DE27A849C /* PBXTargetDependency */,
				7E57CB0000000000000000C6 /* PBXTargetDependency */,
			);
			fileSystemSynchronizedGroups = (
				87EBBDF2469E60AF87C97EB2 /* libkiems_tests */,
			);
			name = libkiems_tests;
			productName = libkiems_tests;
			productReference = 27FC500F5EC82E42F046FEF3 /* libkiems_tests.xctest */;
			productType = "com.apple.product-type.bundle.unit-test";
		};
/* End PBXNativeTarget section */

/* Begin PBXProject section */
		71AD228A30263515006D5847 /* Project object */ = {
			isa = PBXProject;
			attributes = {
				BuildIndependentTargetsInParallel = 1;
				LastUpgradeCheck = 2660;
				TargetAttributes = {
					71AD229130263515006D5847 = {
						CreatedOnToolsVersion = 26.6;
					};
				};
			};
			buildConfigurationList = 71AD228D30263515006D5847 /* Build configuration list for PBXProject "kiems" */;
			developmentRegion = en;
			hasScannedForEncodings = 0;
			knownRegions = (
				en,
				Base,
				de,
				ja,
				English,
				es,
				sl,
				da,
				it,
				sv,
				no,
				tr,
				fr,
				nl,
			);
			mainGroup = 71AD228930263515006D5847;
			minimizedProjectReferenceProxies = 1;
			preferredProjectObjectVersion = 77;
			productRefGroup = 71AD229330263516006D5847 /* Products */;
			projectDirPath = "";
			projectReferences = (
				{
					ProductGroup = 7174577230756FF300E0D2D5 /* Products */;
					ProjectRef = 71744B7130756FF300E0D2D5 /* Breakpad.xcodeproj */;
				},
				{
					ProductGroup = 7174577630756FF300E0D2D5 /* Products */;
					ProjectRef = 71744C1930756FF300E0D2D5 /* Breakpad.xcodeproj */;
				},
				{
					ProductGroup = 1EE1AA4E4B875016D92740A9 /* Products */;
					ProjectRef = 7A75E68FFCE0FE7A89A86020 /* Copper.xcodeproj */;
				},
				{
					ProductGroup = 717473B13075705F00E0D2D5 /* Products */;
					ProjectRef = 717473B03075705F00E0D2D5 /* libkicad.xcodeproj */;
				},
				{
					ProductGroup = 4C1CAD000000000000010002 /* Products */;
					ProjectRef = 4C1CAD000000000000010001 /* libkicad.xcodeproj */;
				},
				{
					ProductGroup = 7174577430756FF300E0D2D5 /* Products */;
					ProjectRef = 71744BD830756FF300E0D2D5 /* minidump_test.xcodeproj */;
				},
				{
					ProductGroup = 717483B93075760400E0D2D5 /* Products */;
					ProjectRef = 717483B83075760400E0D2D5 /* RememberRemember.xcodeproj */;
				},
				{
					ProductGroup = 52E3E30000000000000000A002 /* Products */;
					ProjectRef = 52E3E30000000000000000A001 /* RememberRemember.xcodeproj */;
				},
			);
			projectRoot = "";
			targets = (
				71AD229130263515006D5847 /* kiems-cli */,
				0E08621C93A1CC737D3F6A93 /* libkiems */,
				5034717F4A638C8CC653DE57 /* kiems_fdtd_worker */,
				2971163407AC90FC988D853B /* KiEMS */,
				3B7712DA527497624F2DFB43 /* copper_fdtd_worker */,
				8D5AE14D1127587CA08C54F7 /* libkiems_tests */,
			);
		};
/* End PBXProject section */

/* Begin PBXReferenceProxy section */
		3586812A4F6CE84886F63B2D /* Copper.framework */ = {
			isa = PBXReferenceProxy;
			fileType = wrapper.framework;
			path = Copper.framework;
			remoteRef = 14DCC5F4016711E0456B25CC /* PBXContainerItemProxy */;
			sourceTree = BUILT_PRODUCTS_DIR;
		};
		5A1B3A51A30B8BD9D7ACED8B /* libCopperUtils.a */ = {
			isa = PBXReferenceProxy;
			fileType = archive.ar;
			path = libCopperUtils.a;
			remoteRef = E7C02C80F3825C9A77C34060 /* PBXContainerItemProxy */;
			sourceTree = BUILT_PRODUCTS_DIR;
		};
		9691133F7B92BAA7BB234B8C /* libCSXCAD.dylib */ = {
			isa = PBXReferenceProxy;
			fileType = "compiled.mach-o.dylib";
			path = libCSXCAD.dylib;
			remoteRef = BA30C0C289CFA4DD40B51E05 /* PBXContainerItemProxy */;
			sourceTree = BUILT_PRODUCTS_DIR;
		};
		A2F04DD1DE94C7C82DF16CD5 /* liblibkicad.a */ = {
			isa = PBXReferenceProxy;
			fileType = archive.ar;
			path = liblibkicad.a;
			remoteRef = 4C1CAD000000000000010003 /* PBXContainerItemProxy */;
			sourceTree = BUILT_PRODUCTS_DIR;
		};
		52E3E30000000000000000A004 /* RememberRemember.framework */ = {
			isa = PBXReferenceProxy;
			fileType = wrapper.framework;
			path = RememberRemember.framework;
			remoteRef = 52E3E30000000000000000A003 /* PBXContainerItemProxy */;
			sourceTree = BUILT_PRODUCTS_DIR;
		};
/* End PBXReferenceProxy section */

/* Begin PBXSourcesBuildPhase section */
		0A4BFFE015AA0DAC88C73F59 /* Sources */ = {
			isa = PBXSourcesBuildPhase;
			buildActionMask = 2147483647;
			files = (
			);
			runOnlyForDeploymentPostprocessing = 0;
		};
		24C0C7D84B42BCB562805074 /* Sources */ = {
			isa = PBXSourcesBuildPhase;
			buildActionMask = 2147483647;
			files = (
			);
			runOnlyForDeploymentPostprocessing = 0;
		};
		40070DE6B51561CC79C58E52 /* Sources */ = {
			isa = PBXSourcesBuildPhase;
			buildActionMask = 2147483647;
			files = (
			);
			runOnlyForDeploymentPostprocessing = 0;
		};
		482BAB6A7C580D0546DBA899 /* Sources */ = {
			isa = PBXSourcesBuildPhase;
			buildActionMask = 2147483647;
			files = (
			);
			runOnlyForDeploymentPostprocessing = 0;
		};
		71AD228E30263515006D5847 /* Sources */ = {
			isa = PBXSourcesBuildPhase;
			buildActionMask = 2147483647;
			files = (
			);
			runOnlyForDeploymentPostprocessing = 0;
		};
		EB32E30B8D408F92256E1749 /* Sources */ = {
			isa = PBXSourcesBuildPhase;
			buildActionMask = 2147483647;
			files = (
			);
			runOnlyForDeploymentPostprocessing = 0;
		};
/* End PBXSourcesBuildPhase section */

/* Begin PBXTargetDependency section */
		063881E7B4FE5FE37B2B3A2A /* PBXTargetDependency */ = {
			isa = PBXTargetDependency;
			name = CSXCAD;
			targetProxy = 060962107DC3EB4AADA58298 /* PBXContainerItemProxy */;
		};
		0E303C6421A10D82B635ADEB /* PBXTargetDependency */ = {
			isa = PBXTargetDependency;
			target = 0E08621C93A1CC737D3F6A93 /* libkiems */;
			targetProxy = 68230F1D42F0B9E29C659103 /* PBXContainerItemProxy */;
		};
		1D8A8E430A62C6E1B2D288CB /* PBXTargetDependency */ = {
			isa = PBXTargetDependency;
			name = Copper;
			targetProxy = FB3E7D79A17C02CC7D3E52A5 /* PBXContainerItemProxy */;
		};
		3C409D0A5C4DBB5CF700353B /* PBXTargetDependency */ = {
			isa = PBXTargetDependency;
			target = 0E08621C93A1CC737D3F6A93 /* libkiems */;
			targetProxy = F90E814A552714159096AAF7 /* PBXContainerItemProxy */;
		};
		585312645C254E539E00095D /* PBXTargetDependency */ = {
			isa = PBXTargetDependency;
			name = RememberRemember;
			targetProxy = 4A26F5AB0BDDD56E51069B55 /* PBXContainerItemProxy */;
		};
		5C43EB69E93D41688CC4B2E5 /* PBXTargetDependency */ = {
			isa = PBXTargetDependency;
			name = CopperUtils;
			targetProxy = 16B903F6A5DB7DA98E5CB875 /* PBXContainerItemProxy */;
		};
		7E57CB0000000000000000C6 /* PBXTargetDependency */ = {
			isa = PBXTargetDependency;
			name = libkicad;
			targetProxy = 7E57CB0000000000000000C7 /* PBXContainerItemProxy */;
		};
		8ABC3E8814A693FEEF5A531C /* PBXTargetDependency */ = {
			isa = PBXTargetDependency;
			name = CSXCAD;
			targetProxy = F98F154BAFB3A1E2173C9EAB /* PBXContainerItemProxy */;
		};
		932AF7FD89493397A9367F15 /* PBXTargetDependency */ = {
			isa = PBXTargetDependency;
			name = libkiems;
			target = 0E08621C93A1CC737D3F6A93 /* libkiems */;
			targetProxy = BACB4CAE18E04FC816AC3BC0 /* PBXContainerItemProxy */;
		};
		9488C1F2872DDC29651237CD /* PBXTargetDependency */ = {
			isa = PBXTargetDependency;
			name = CopperUtils;
			targetProxy = DCDFA8463291E1E0062D213E /* PBXContainerItemProxy */;
		};
		9797BE39AE1FAFB1D500AF6B /* PBXTargetDependency */ = {
			isa = PBXTargetDependency;
			name = Copper;
			targetProxy = A815D2EB8136A72115FB280A /* PBXContainerItemProxy */;
		};
		A1115760FE99C8290A2B7CAD /* PBXTargetDependency */ = {
			isa = PBXTargetDependency;
			name = Copper;
			targetProxy = 756FF2D951AC08F5055E1EF7 /* PBXContainerItemProxy */;
		};
		B43CBBC55485E3D5DEF4FD4C /* PBXTargetDependency */ = {
			isa = PBXTargetDependency;
			name = CSXCAD;
			targetProxy = 007D8375C125B81D6D221515 /* PBXContainerItemProxy */;
		};
		BB732F6D1BE34EB63B370480 /* PBXTargetDependency */ = {
			isa = PBXTargetDependency;
			name = CSXCAD;
			targetProxy = DC2E96BB1678BE9D5FFB4642 /* PBXContainerItemProxy */;
		};
		BBF9A7240A6582D732DEA5F0 /* PBXTargetDependency */ = {
			isa = PBXTargetDependency;
			name = CSXCAD;
			targetProxy = 0E8B743A5387CB66D48AB885 /* PBXContainerItemProxy */;
		};
		C3F4DC29303EF0123F35E8D7 /* PBXTargetDependency */ = {
			isa = PBXTargetDependency;
			target = 0E08621C93A1CC737D3F6A93 /* libkiems */;
			targetProxy = 2B6AC32E5A944169FDB85409 /* PBXContainerItemProxy */;
		};
		DFF95C78A7D193B940D0E0B0 /* PBXTargetDependency */ = {
			isa = PBXTargetDependency;
			name = Copper;
			targetProxy = EC33F1046180295128137B8F /* PBXContainerItemProxy */;
		};
		EA0A86660359852DE27A849C /* PBXTargetDependency */ = {
			isa = PBXTargetDependency;
			name = libkiems;
			target = 0E08621C93A1CC737D3F6A93 /* libkiems */;
			targetProxy = D56C45F6411D0E5C8C32B009 /* PBXContainerItemProxy */;
		};
		EDFF827E7F22C9DA08D011AC /* PBXTargetDependency */ = {
			isa = PBXTargetDependency;
			target = 5034717F4A638C8CC653DE57 /* kiems_fdtd_worker */;
			targetProxy = 1540871D4E58EBEB434F4E6A /* PBXContainerItemProxy */;
		};
/* End PBXTargetDependency section */

/* Begin XCBuildConfiguration section */
		267D1CBD028BDD9E5178D2D5 /* Release */ = {
			isa = XCBuildConfiguration;
			baseConfigurationReference = 601D10000000000000000001 /* Config/KiCadLink.xcconfig */;
			buildSettings = {
				CLANG_CXX_LANGUAGE_STANDARD = "c++23";
				CODE_SIGN_STYLE = Automatic;
				CURRENT_PROJECT_VERSION = 1;
				GENERATE_INFOPLIST_FILE = YES;
				HEADER_SEARCH_PATHS = (
					"$(inherited)",
					"$(SRCROOT)/libkiems",
				);
				LIBRARY_SEARCH_PATHS = (
					"$(inherited)",
					"$(BUILT_PRODUCTS_DIR)",
				);
				MARKETING_VERSION = 1.0;
				OTHER_LDFLAGS = (
					"$(inherited)",
					"-lgeos_c",
					"-lmatplot",
				);
				PRODUCT_BUNDLE_IDENTIFIER = "com.tomdavie.libkiems-tests";
				PRODUCT_NAME = "$(TARGET_NAME)";
				SDKROOT = macosx;
				SKIP_INSTALL = YES;
			};
			name = Release;
		};
		26BF06E54C44F2408EBAEC10 /* Debug */ = {
			isa = XCBuildConfiguration;
			baseConfigurationReference = 601D10000000000000000001 /* Config/KiCadLink.xcconfig */;
			buildSettings = {
				HEADER_SEARCH_PATHS = (
					"$(inherited)",
					"$(SRCROOT)",
					"$(SRCROOT)/submodules/Copper",
					"$(SRCROOT)/libkiems",
					"$(SRCROOT)/submodules/Copper/Copper",
				);
				LD_RUNPATH_SEARCH_PATHS = (
					"$(inherited)",
					"@loader_path",
				);
				LIBRARY_SEARCH_PATHS = (
					"$(inherited)",
					"$(BUILT_PRODUCTS_DIR)",
				);
				OTHER_LDFLAGS = (
					"$(inherited)",
					"-lgeos_c",
					"-lmatplot",
				);
				PRODUCT_NAME = "$(TARGET_NAME)";
				SDKROOT = macosx;
			};
			name = Debug;
		};
		6B1740D988F76B333D388E17 /* Debug */ = {
			isa = XCBuildConfiguration;
			baseConfigurationReference = 601D10000000000000000001 /* Config/KiCadLink.xcconfig */;
			buildSettings = {
				CLANG_CXX_LANGUAGE_STANDARD = "c++23";
				CODE_SIGN_STYLE = Automatic;
				CURRENT_PROJECT_VERSION = 1;
				GENERATE_INFOPLIST_FILE = YES;
				HEADER_SEARCH_PATHS = (
					"$(inherited)",
					"$(SRCROOT)/libkiems",
				);
				LIBRARY_SEARCH_PATHS = (
					"$(inherited)",
					"$(BUILT_PRODUCTS_DIR)",
				);
				MARKETING_VERSION = 1.0;
				OTHER_LDFLAGS = (
					"$(inherited)",
					"-lgeos_c",
					"-lmatplot",
				);
				PRODUCT_BUNDLE_IDENTIFIER = "com.tomdavie.libkiems-tests";
				PRODUCT_NAME = "$(TARGET_NAME)";
				SDKROOT = macosx;
				SKIP_INSTALL = YES;
			};
			name = Debug;
		};
		71AD229730263516006D5847 /* Debug */ = {
			isa = XCBuildConfiguration;
			baseConfigurationReference = 601D10000000000000000000 /* Config/BuildPaths.xcconfig */;
			buildSettings = {
				ALWAYS_SEARCH_USER_PATHS = NO;
				ARCHS = arm64;
				ASSETCATALOG_COMPILER_GENERATE_SWIFT_ASSET_SYMBOL_EXTENSIONS = YES;
				CLANG_ANALYZER_NONNULL = YES;
				CLANG_ANALYZER_NUMBER_OBJECT_CONVERSION = YES_AGGRESSIVE;
				CLANG_CXX_LANGUAGE_STANDARD = "c++23";
				CLANG_ENABLE_MODULES = YES;
				CLANG_ENABLE_OBJC_ARC = YES;
				CLANG_ENABLE_OBJC_WEAK = YES;
				CLANG_WARN_ASSIGN_ENUM = YES;
				CLANG_WARN_BLOCK_CAPTURE_AUTORELEASING = YES;
				CLANG_WARN_BOOL_CONVERSION = YES;
				CLANG_WARN_COMMA = YES;
				CLANG_WARN_CONSTANT_CONVERSION = YES;
				CLANG_WARN_DEPRECATED_OBJC_IMPLEMENTATIONS = YES;
				CLANG_WARN_DIRECT_OBJC_ISA_USAGE = YES_ERROR;
				CLANG_WARN_DOCUMENTATION_COMMENTS = YES;
				CLANG_WARN_EMPTY_BODY = YES;
				CLANG_WARN_ENUM_CONVERSION = YES;
				CLANG_WARN_FLOAT_CONVERSION = YES_ERROR;
				CLANG_WARN_IMPLICIT_SIGN_CONVERSION = YES_ERROR;
				CLANG_WARN_INFINITE_RECURSION = YES;
				CLANG_WARN_INT_CONVERSION = YES;
				CLANG_WARN_NON_LITERAL_NULL_CONVERSION = YES;
				CLANG_WARN_OBJC_IMPLICIT_RETAIN_SELF = YES;
				CLANG_WARN_OBJC_LITERAL_CONVERSION = YES;
				CLANG_WARN_OBJC_ROOT_CLASS = YES_ERROR;
				CLANG_WARN_QUOTED_INCLUDE_IN_FRAMEWORK_HEADER = YES;
				CLANG_WARN_RANGE_LOOP_ANALYSIS = YES;
				CLANG_WARN_SEMICOLON_BEFORE_METHOD_BODY = YES;
				CLANG_WARN_STRICT_PROTOTYPES = YES;
				CLANG_WARN_SUSPICIOUS_IMPLICIT_CONVERSION = YES;
				CLANG_WARN_SUSPICIOUS_MOVE = YES;
				CLANG_WARN_UNGUARDED_AVAILABILITY = YES_AGGRESSIVE;
				CLANG_WARN_UNREACHABLE_CODE = YES;
				CLANG_WARN__DUPLICATE_METHOD_MATCH = YES;
				COPY_PHASE_STRIP = NO;
				DEBUG_INFORMATION_FORMAT = dwarf;
				ENABLE_STRICT_OBJC_MSGSEND = YES;
				ENABLE_TESTABILITY = YES;
				ENABLE_USER_SCRIPT_SANDBOXING = YES;
				GCC_C_LANGUAGE_STANDARD = c23;
				GCC_DYNAMIC_NO_PIC = NO;
				GCC_NO_COMMON_BLOCKS = YES;
				GCC_OPTIMIZATION_LEVEL = 0;
				GCC_PREPROCESSOR_DEFINITIONS = (
					"DEBUG=1",
					"$(inherited)",
				);
				GCC_TREAT_WARNINGS_AS_ERRORS = YES;
				GCC_WARN_64_TO_32_BIT_CONVERSION = YES;
				GCC_WARN_ABOUT_MISSING_FIELD_INITIALIZERS = YES;
				GCC_WARN_ABOUT_MISSING_NEWLINE = YES;
				GCC_WARN_ABOUT_MISSING_PROTOTYPES = YES;
				GCC_WARN_ABOUT_RETURN_TYPE = YES_ERROR;
				GCC_WARN_PEDANTIC = YES;
				GCC_WARN_SHADOW = YES;
				GCC_WARN_SIGN_COMPARE = YES;
				GCC_WARN_UNDECLARED_SELECTOR = YES;
				GCC_WARN_UNINITIALIZED_AUTOS = YES_AGGRESSIVE;
				GCC_WARN_UNUSED_FUNCTION = YES;
				GCC_WARN_UNUSED_VARIABLE = YES;
				HEADER_SEARCH_PATHS = (
					"$(inherited)",
					"$(SRCROOT)/submodules/Copper/Copper",
					"$(SRCROOT)/submodules/Copper/CopperUtils",
					"$(SRCROOT)/submodules/libkicad",
				);
				LD_RUNPATH_SEARCH_PATHS = (
					"$(inherited)",
					"$(HOMEBREW_PREFIX)/lib",
					"$(BUILT_PRODUCTS_DIR)",
					"@loader_path",
					"@executable_path/../Frameworks",
				);
				LIBRARY_SEARCH_PATHS = (
					"$(HOMEBREW_PREFIX)/lib",
					"$(BUILT_PRODUCTS_DIR)",
				);
				LOCALIZATION_PREFERS_STRING_CATALOGS = YES;
				MACOSX_DEPLOYMENT_TARGET = 26.5;
				MTL_ENABLE_DEBUG_INFO = INCLUDE_SOURCE;
				MTL_FAST_MATH = YES;
				ONLY_ACTIVE_ARCH = YES;
				OTHER_LDFLAGS = "";
				SDKROOT = macosx;
				SWIFT_TREAT_WARNINGS_AS_ERRORS = YES;
				SYSTEM_HEADER_SEARCH_PATHS = (
					"$(HOMEBREW_PREFIX)/include",
					"$(SRCROOT)/submodules/Copper/submodules/CSXCAD/src",
				);
				WARNING_CFLAGS = (
					"$(inherited)",
					"-Wno-documentation-deprecated-sync",
				);
			};
			name = Debug;
		};
		71AD229830263516006D5847 /* Release */ = {
			isa = XCBuildConfiguration;
			baseConfigurationReference = 601D10000000000000000000 /* Config/BuildPaths.xcconfig */;
			buildSettings = {
				ALWAYS_SEARCH_USER_PATHS = NO;
				ARCHS = arm64;
				ASSETCATALOG_COMPILER_GENERATE_SWIFT_ASSET_SYMBOL_EXTENSIONS = YES;
				CLANG_ANALYZER_NONNULL = YES;
				CLANG_ANALYZER_NUMBER_OBJECT_CONVERSION = YES_AGGRESSIVE;
				CLANG_CXX_LANGUAGE_STANDARD = "c++23";
				CLANG_ENABLE_MODULES = YES;
				CLANG_ENABLE_OBJC_ARC = YES;
				CLANG_ENABLE_OBJC_WEAK = YES;
				CLANG_WARN_ASSIGN_ENUM = YES;
				CLANG_WARN_BLOCK_CAPTURE_AUTORELEASING = YES;
				CLANG_WARN_BOOL_CONVERSION = YES;
				CLANG_WARN_COMMA = YES;
				CLANG_WARN_CONSTANT_CONVERSION = YES;
				CLANG_WARN_DEPRECATED_OBJC_IMPLEMENTATIONS = YES;
				CLANG_WARN_DIRECT_OBJC_ISA_USAGE = YES_ERROR;
				CLANG_WARN_DOCUMENTATION_COMMENTS = YES;
				CLANG_WARN_EMPTY_BODY = YES;
				CLANG_WARN_ENUM_CONVERSION = YES;
				CLANG_WARN_FLOAT_CONVERSION = YES_ERROR;
				CLANG_WARN_IMPLICIT_SIGN_CONVERSION = YES_ERROR;
				CLANG_WARN_INFINITE_RECURSION = YES;
				CLANG_WARN_INT_CONVERSION = YES;
				CLANG_WARN_NON_LITERAL_NULL_CONVERSION = YES;
				CLANG_WARN_OBJC_IMPLICIT_RETAIN_SELF = YES;
				CLANG_WARN_OBJC_LITERAL_CONVERSION = YES;
				CLANG_WARN_OBJC_ROOT_CLASS = YES_ERROR;
				CLANG_WARN_QUOTED_INCLUDE_IN_FRAMEWORK_HEADER = YES;
				CLANG_WARN_RANGE_LOOP_ANALYSIS = YES;
				CLANG_WARN_SEMICOLON_BEFORE_METHOD_BODY = YES;
				CLANG_WARN_STRICT_PROTOTYPES = YES;
				CLANG_WARN_SUSPICIOUS_IMPLICIT_CONVERSION = YES;
				CLANG_WARN_SUSPICIOUS_MOVE = YES;
				CLANG_WARN_UNGUARDED_AVAILABILITY = YES_AGGRESSIVE;
				CLANG_WARN_UNREACHABLE_CODE = YES;
				CLANG_WARN__DUPLICATE_METHOD_MATCH = YES;
				COPY_PHASE_STRIP = NO;
				DEBUG_INFORMATION_FORMAT = "dwarf-with-dsym";
				ENABLE_NS_ASSERTIONS = NO;
				ENABLE_STRICT_OBJC_MSGSEND = YES;
				ENABLE_USER_SCRIPT_SANDBOXING = YES;
				GCC_C_LANGUAGE_STANDARD = c23;
				GCC_NO_COMMON_BLOCKS = YES;
				GCC_PREPROCESSOR_DEFINITIONS = (
					"$(inherited)",
					"NDEBUG=1",
				);
				GCC_TREAT_WARNINGS_AS_ERRORS = YES;
				GCC_WARN_64_TO_32_BIT_CONVERSION = YES;
				GCC_WARN_ABOUT_MISSING_FIELD_INITIALIZERS = YES;
				GCC_WARN_ABOUT_MISSING_NEWLINE = YES;
				GCC_WARN_ABOUT_MISSING_PROTOTYPES = YES;
				GCC_WARN_ABOUT_RETURN_TYPE = YES_ERROR;
				GCC_WARN_PEDANTIC = YES;
				GCC_WARN_SHADOW = YES;
				GCC_WARN_SIGN_COMPARE = YES;
				GCC_WARN_UNDECLARED_SELECTOR = YES;
				GCC_WARN_UNINITIALIZED_AUTOS = YES_AGGRESSIVE;
				GCC_WARN_UNUSED_FUNCTION = YES;
				GCC_WARN_UNUSED_VARIABLE = YES;
				HEADER_SEARCH_PATHS = (
					"$(inherited)",
					"$(SRCROOT)/submodules/Copper/Copper",
					"$(SRCROOT)/submodules/Copper/CopperUtils",
					"$(SRCROOT)/submodules/libkicad",
				);
				LD_RUNPATH_SEARCH_PATHS = (
					"$(inherited)",
					"$(HOMEBREW_PREFIX)/lib",
					"$(BUILT_PRODUCTS_DIR)",
					"@loader_path",
					"@executable_path/../Frameworks",
				);
				LIBRARY_SEARCH_PATHS = (
					"$(HOMEBREW_PREFIX)/lib",
					"$(BUILT_PRODUCTS_DIR)",
				);
				LOCALIZATION_PREFERS_STRING_CATALOGS = YES;
				MACOSX_DEPLOYMENT_TARGET = 26.5;
				MTL_ENABLE_DEBUG_INFO = NO;
				MTL_FAST_MATH = YES;
				OTHER_LDFLAGS = "";
				SDKROOT = macosx;
				SWIFT_TREAT_WARNINGS_AS_ERRORS = YES;
				SYSTEM_HEADER_SEARCH_PATHS = (
					"$(HOMEBREW_PREFIX)/include",
					"$(SRCROOT)/submodules/Copper/submodules/CSXCAD/src",
				);
				WARNING_CFLAGS = (
					"$(inherited)",
					"-Wno-documentation-deprecated-sync",
				);
			};
			name = Release;
		};
		71AD229A30263516006D5847 /* Debug */ = {
			isa = XCBuildConfiguration;
			baseConfigurationReference = 601D10000000000000000001 /* Config/KiCadLink.xcconfig */;
			buildSettings = {
				CODE_SIGN_STYLE = Automatic;
				HEADER_SEARCH_PATHS = (
					"$(inherited)",
					"$(SRCROOT)/libkiems",
					"$(SRCROOT)/submodules/Copper/Copper",
				);
				LD_RUNPATH_SEARCH_PATHS = (
					"$(inherited)",
					"@loader_path",
				);
				LIBRARY_SEARCH_PATHS = (
					"$(inherited)",
					"$(BUILT_PRODUCTS_DIR)",
				);
				OTHER_LDFLAGS = (
					"$(inherited)",
					"-lgeos_c",
					"-lmatplot",
				);
				PRODUCT_NAME = kiems;
				SYSTEM_HEADER_SEARCH_PATHS = (
					"$(inherited)",
					"$(SRCROOT)",
					"$(SRCROOT)/submodules/Copper",
				);
			};
			name = Debug;
		};
		71AD229B30263516006D5847 /* Release */ = {
			isa = XCBuildConfiguration;
			baseConfigurationReference = 601D10000000000000000001 /* Config/KiCadLink.xcconfig */;
			buildSettings = {
				CODE_SIGN_STYLE = Automatic;
				HEADER_SEARCH_PATHS = (
					"$(inherited)",
					"$(SRCROOT)/libkiems",
					"$(SRCROOT)/submodules/Copper/Copper",
				);
				LD_RUNPATH_SEARCH_PATHS = (
					"$(inherited)",
					"@loader_path",
				);
				LIBRARY_SEARCH_PATHS = (
					"$(inherited)",
					"$(BUILT_PRODUCTS_DIR)",
				);
				OTHER_LDFLAGS = (
					"$(inherited)",
					"-lgeos_c",
					"-lmatplot",
				);
				PRODUCT_NAME = kiems;
				SYSTEM_HEADER_SEARCH_PATHS = (
					"$(inherited)",
					"$(SRCROOT)",
					"$(SRCROOT)/submodules/Copper",
				);
			};
			name = Release;
		};
		76CF780F59412846FB761B04 /* Release */ = {
			isa = XCBuildConfiguration;
			baseConfigurationReference = 601D10000000000000000001 /* Config/KiCadLink.xcconfig */;
			buildSettings = {
				CODE_SIGN_STYLE = Automatic;
				HEADER_SEARCH_PATHS = (
					"$(inherited)",
					"$(SRCROOT)",
					"$(SRCROOT)/submodules/Copper",
					"$(SRCROOT)/libkiems",
					"$(SRCROOT)/submodules/Copper/Copper",
				);
				LIBRARY_SEARCH_PATHS = (
					"$(inherited)",
					"$(BUILT_PRODUCTS_DIR)",
				);
				OTHER_LDFLAGS = (
					"$(inherited)",
					"-lgeos_c",
					"-lmatplot",
				);
				PRODUCT_NAME = "$(TARGET_NAME)";
			};
			name = Release;
		};
		9DC9E0D3568EB7DF36EC7116 /* Debug */ = {
			isa = XCBuildConfiguration;
			baseConfigurationReference = 601D10000000000000000001 /* Config/KiCadLink.xcconfig */;
			buildSettings = {
				ASSETCATALOG_COMPILER_GENERATE_SWIFT_ASSET_SYMBOL_EXTENSIONS = YES;
				CODE_SIGN_STYLE = Automatic;
				COMBINE_HIDPI_IMAGES = YES;
				GENERATE_INFOPLIST_FILE = NO;
				HEADER_SEARCH_PATHS = (
					"$(inherited)",
					"$(SRCROOT)",
					"$(SRCROOT)/submodules/Copper",
					"$(SRCROOT)/libkiems",
				);
				INFOPLIST_FILE = KiEMS/Info.plist;
				LD_RUNPATH_SEARCH_PATHS = (
					"$(inherited)",
					"@executable_path/../Frameworks",
				);
				LIBRARY_SEARCH_PATHS = (
					"$(inherited)",
					"$(BUILT_PRODUCTS_DIR)",
				);
				MARKETING_VERSION = 1.0;
				OTHER_LDFLAGS = (
					"$(inherited)",
					"-lgeos_c",
					"-lmatplot",
				);
				PRODUCT_BUNDLE_IDENTIFIER = "com.tomdavie.kiems-studio";
				PRODUCT_NAME = "$(TARGET_NAME)";
				SWIFT_EMIT_LOC_STRINGS = YES;
				SWIFT_OBJC_BRIDGING_HEADER = "KiEMS/Bridge/KiEMS-Bridging-Header.h";
				SWIFT_VERSION = 5.0;
			};
			name = Debug;
		};
		C674A4B6897CD58CA339D0D9 /* Debug */ = {
			isa = XCBuildConfiguration;
			baseConfigurationReference = 601D10000000000000000001 /* Config/KiCadLink.xcconfig */;
			buildSettings = {
				CODE_SIGN_STYLE = Automatic;
				HEADER_SEARCH_PATHS = (
					"$(inherited)",
					"$(SRCROOT)",
					"$(SRCROOT)/submodules/Copper",
					"$(SRCROOT)/libkiems",
					"$(SRCROOT)/submodules/Copper/Copper",
				);
				LIBRARY_SEARCH_PATHS = (
					"$(inherited)",
					"$(BUILT_PRODUCTS_DIR)",
				);
				OTHER_LDFLAGS = (
					"$(inherited)",
					"-lgeos_c",
					"-lmatplot",
				);
				PRODUCT_NAME = "$(TARGET_NAME)";
			};
			name = Debug;
		};
		CB79A2CB4F47AF8A3E194FC4 /* Release */ = {
			isa = XCBuildConfiguration;
			buildSettings = {
				CODE_SIGN_STYLE = Automatic;
				PRODUCT_NAME = "$(TARGET_NAME)";
				SKIP_INSTALL = YES;
				SWIFT_VERSION = 5.0;
				SYSTEM_HEADER_SEARCH_PATHS = (
					"$(inherited)",
					"$(SRCROOT)",
					"$(SRCROOT)/submodules/Copper",
				);
			};
			name = Release;
		};
		CC28A0BE6C7D349F5B768BF0 /* Debug */ = {
			isa = XCBuildConfiguration;
			buildSettings = {
				CODE_SIGN_STYLE = Automatic;
				PRODUCT_NAME = "$(TARGET_NAME)";
				SKIP_INSTALL = YES;
				SWIFT_VERSION = 5.0;
				SYSTEM_HEADER_SEARCH_PATHS = (
					"$(inherited)",
					"$(SRCROOT)",
					"$(SRCROOT)/submodules/Copper",
				);
			};
			name = Debug;
		};
		D6ACEBA0EED715AFA5287BAE /* Release */ = {
			isa = XCBuildConfiguration;
			baseConfigurationReference = 601D10000000000000000001 /* Config/KiCadLink.xcconfig */;
			buildSettings = {
				HEADER_SEARCH_PATHS = (
					"$(inherited)",
					"$(SRCROOT)",
					"$(SRCROOT)/submodules/Copper",
					"$(SRCROOT)/libkiems",
					"$(SRCROOT)/submodules/Copper/Copper",
				);
				LD_RUNPATH_SEARCH_PATHS = (
					"$(inherited)",
					"@loader_path",
				);
				LIBRARY_SEARCH_PATHS = (
					"$(inherited)",
					"$(BUILT_PRODUCTS_DIR)",
				);
				OTHER_LDFLAGS = (
					"$(inherited)",
					"-lgeos_c",
					"-lmatplot",
				);
				PRODUCT_NAME = "$(TARGET_NAME)";
				SDKROOT = macosx;
			};
			name = Release;
		};
		EEA49829DD57398072E0E08B /* Release */ = {
			isa = XCBuildConfiguration;
			baseConfigurationReference = 601D10000000000000000001 /* Config/KiCadLink.xcconfig */;
			buildSettings = {
				ASSETCATALOG_COMPILER_GENERATE_SWIFT_ASSET_SYMBOL_EXTENSIONS = YES;
				CODE_SIGN_STYLE = Automatic;
				COMBINE_HIDPI_IMAGES = YES;
				GENERATE_INFOPLIST_FILE = NO;
				HEADER_SEARCH_PATHS = (
					"$(inherited)",
					"$(SRCROOT)",
					"$(SRCROOT)/submodules/Copper",
					"$(SRCROOT)/libkiems",
				);
				INFOPLIST_FILE = KiEMS/Info.plist;
				LD_RUNPATH_SEARCH_PATHS = (
					"$(inherited)",
					"@executable_path/../Frameworks",
				);
				LIBRARY_SEARCH_PATHS = (
					"$(inherited)",
					"$(BUILT_PRODUCTS_DIR)",
				);
				MARKETING_VERSION = 1.0;
				OTHER_LDFLAGS = (
					"$(inherited)",
					"-lgeos_c",
					"-lmatplot",
				);
				PRODUCT_BUNDLE_IDENTIFIER = "com.tomdavie.kiems-studio";
				PRODUCT_NAME = "$(TARGET_NAME)";
				SWIFT_EMIT_LOC_STRINGS = YES;
				SWIFT_OBJC_BRIDGING_HEADER = "KiEMS/Bridge/KiEMS-Bridging-Header.h";
				SWIFT_VERSION = 5.0;
			};
			name = Release;
		};
/* End XCBuildConfiguration section */

/* Begin XCConfigurationList section */
		01510616A2540A2EA37CB56A /* Build configuration list for PBXNativeTarget "copper_fdtd_worker" */ = {
			isa = XCConfigurationList;
			buildConfigurations = (
				D6ACEBA0EED715AFA5287BAE /* Release */,
				26BF06E54C44F2408EBAEC10 /* Debug */,
			);
			defaultConfigurationIsVisible = 0;
			defaultConfigurationName = Release;
		};
		2A93D0CB58D10C728E7CE9F2 /* Build configuration list for PBXNativeTarget "KiEMS" */ = {
			isa = XCConfigurationList;
			buildConfigurations = (
				9DC9E0D3568EB7DF36EC7116 /* Debug */,
				EEA49829DD57398072E0E08B /* Release */,
			);
			defaultConfigurationIsVisible = 0;
			defaultConfigurationName = Release;
		};
		34A1F94838F1003CDA9ED1F2 /* Build configuration list for PBXNativeTarget "libkiems" */ = {
			isa = XCConfigurationList;
			buildConfigurations = (
				CC28A0BE6C7D349F5B768BF0 /* Debug */,
				CB79A2CB4F47AF8A3E194FC4 /* Release */,
			);
			defaultConfigurationIsVisible = 0;
			defaultConfigurationName = Release;
		};
		34B3E31BCC3EA6AFAC9A4F16 /* Build configuration list for PBXNativeTarget "kiems_fdtd_worker" */ = {
			isa = XCConfigurationList;
			buildConfigurations = (
				C674A4B6897CD58CA339D0D9 /* Debug */,
				76CF780F59412846FB761B04 /* Release */,
			);
			defaultConfigurationIsVisible = 0;
			defaultConfigurationName = Release;
		};
		71AD228D30263515006D5847 /* Build configuration list for PBXProject "kiems" */ = {
			isa = XCConfigurationList;
			buildConfigurations = (
				71AD229730263516006D5847 /* Debug */,
				71AD229830263516006D5847 /* Release */,
			);
			defaultConfigurationIsVisible = 0;
			defaultConfigurationName = Release;
		};
		71AD229930263516006D5847 /* Build configuration list for PBXNativeTarget "kiems-cli" */ = {
			isa = XCConfigurationList;
			buildConfigurations = (
				71AD229A30263516006D5847 /* Debug */,
				71AD229B30263516006D5847 /* Release */,
			);
			defaultConfigurationIsVisible = 0;
			defaultConfigurationName = Release;
		};
		D93F80F7B0ECDEEE962ED5A1 /* Build configuration list for PBXNativeTarget "libkiems_tests" */ = {
			isa = XCConfigurationList;
			buildConfigurations = (
				267D1CBD028BDD9E5178D2D5 /* Release */,
				6B1740D988F76B333D388E17 /* Debug */,
			);
			defaultConfigurationIsVisible = 0;
			defaultConfigurationName = Release;
		};
/* End XCConfigurationList section */
	};
	rootObject = 71AD228A30263515006D5847 /* Project object */;
}
